// !$*UTF8*$!
{
	archiveVersion = 1;
	classes = {
	};
	objectVersion = 55;
	objects = {

/* Begin PBXBuildFile section */
		F61FCC1D27BB9C63000F2B3C /* AppDelegate.swift in Sources */ = {isa = PBXBuildFile; fileRef = F61FCC1C27BB9C63000F2B3C /* AppDelegate.swift */; };
		F61FCC1F27BB9C63000F2B3C /* SceneDelegate.swift in Sources */ = {isa = PBXBuildFile; fileRef = F61FCC1E27BB9C63000F2B3C /* SceneDelegate.swift */; };
		F61FCC2127BB9C63000F2B3C /* ViewController.swift in Sources */ = {isa = PBXBuildFile; fileRef = F61FCC2027BB9C63000F2B3C /* ViewController.swift */; };
		F61FCC2427BB9C63000F2B3C /* Main.storyboard in Resources */ = {isa = PBXBuildFile; fileRef = F61FCC2227BB9C63000F2B3C /* Main.storyboard */; };
		F61FCC2727BB9C63000F2B3C /* Chapter03_CSStepper.xcdatamodeld in Sources */ = {isa = PBXBuildFile; fileRef = F61FCC2527BB9C63000F2B3C /* Chapter03_CSStepper.xcdatamodeld */; };
		F61FCC2927BB9C63000F2B3C /* Assets.xcassets in Resources */ = {isa = PBXBuildFile; fileRef = F61FCC2827BB9C63000F2B3C /* Assets.xcassets */; };
		F61FCC2C27BB9C63000F2B3C /* LaunchScreen.storyboard in Resources */ = {isa = PBXBuildFile; fileRef = F61FCC2A27BB9C63000F2B3C /* LaunchScreen.storyboard */; };
		F61FCC3427BB9C72000F2B3C /* CSStepper.swift in Sources */ = {isa = PBXBuildFile; fileRef = F61FCC3327BB9C72000F2B3C /* CSStepper.swift */; };
/* End PBXBuildFile section */

/* Begin PBXFileReference section */
		F61FCC1927BB9C63000F2B3C /* Chapter03-CSStepper.app */ = {isa = PBXFileReference; explicitFileType = wrapper.application; includeInIndex = 0; path = "Chapter03-CSStepper.app"; sourceTree = BUILT_PRODUCTS_DIR; };
		F61FCC1C27BB9C63000F2B3C /* AppDelegate.swift */ = {isa = PBXFileReference; lastKnownFileType = sourcecode.swift; path = AppDelegate.swift; sourceTree = "<group>"; };
		F61FCC1E27BB9C63000F2B3C /* SceneDelegate.swift */ = {isa = PBXFileReference; lastKnownFileType = sourcecode.swift; path = SceneDelegate.swift; sourceTree = "<group>"; };
		F61FCC2027BB9C63000F2B3C /* ViewController.swift */ = {isa = PBXFileReference; lastKnownFileType = sourcecode.swift; path = ViewController.swift; sourceTree = "<group>"; };
		F61FCC2327BB9C63000F2B3C /* Base */ = {isa = PBXFileReference; lastKnownFileType = file.storyboard; name = Base; path = Base.lproj/Main.storyboard; sourceTree = "<group>"; };
		F61FCC2627BB9C63000F2B3C /* Chapter03_CSStepper.xcdatamodel */ = {isa = PBXFileReference; lastKnownFileType = wrapper.xcdatamodel; path = Chapter03_CSStepper.xcdatamodel; sourceTree = "<group>"; };
		F61FCC2827BB9C63000F2B3C /* Assets.xcassets */ = {isa = PBXFileReference; lastKnownFileType = folder.assetcatalog; path = Assets.xcassets; sourceTree = "<group>"; };
		F61FCC2B27BB9C63000F2B3C /* Base */ = {isa = PBXFileReference; lastKnownFileType = file.storyboard; name = Base; path = Base.lproj/LaunchScreen.storyboard; sourceTree = "<group>"; };
		F61FCC2D27BB9C63000F2B3C /* Info.plist */ = {isa = PBXFileReference; lastKnownFileType = text.plist.xml; path = Info.plist; sourceTree = "<group>"; };
		F61FCC3327BB9C72000F2B3C /* CSStepper.swift */ = {isa = PBXFileReference; lastKnownFileType = sourcecode.swift; path = CSStepper.swift; sourceTree = "<group>"; };
/* End PBXFileReference section */

/* Begin PBXFrameworksBuildPhase section */
		F61FCC1627BB9C63000F2B3C /* Frameworks */ = {
			isa = PBXFrameworksBuildPhase;
			buildActionMask = 2147483647;
			files = (
			);
			runOnlyForDeploymentPostprocessing = 0;
		};
/* End PBXFrameworksBuildPhase section */

/* Begin PBXGroup section */
		F61FCC1027BB9C63000F2B3C = {
			isa = PBXGroup;
			children = (
				F61FCC1B27BB9C63000F2B3C /* Chapter03-CSStepper */,
				F61FCC1A27BB9C63000F2B3C /* Products */,
			);
			sourceTree = "<group>";
		};
		F61FCC1A27BB9C63000F2B3C /* Products */ = {
			isa = PBXGroup;
			children = (
				F61FCC1927BB9C63000F2B3C /* Chapter03-CSStepper.app */,
			);
			name = Products;
			sourceTree = "<group>";
		};
		F61FCC1B27BB9C63000F2B3C /* Chapter03-CSStepper */ = {
			isa = PBXGroup;
			children = (
				F61FCC1C27BB9C63000F2B3C /* AppDelegate.swift */,
				F61FCC1E27BB9C63000F2B3C /* SceneDelegate.swift */,
				F61FCC2027BB9C63000F2B3C /* ViewController.swift */,
				F61FCC2227BB9C63000F2B3C /* Main.storyboard */,
				F61FCC2827BB9C63000F2B3C /* Assets.xcassets */,
				F61FCC2A27BB9C63000F2B3C /* LaunchScreen.storyboard */,
				F61FCC2D27BB9C63000F2B3C /* Info.plist */,
				F61FCC2527BB9C63000F2B3C /* Chapter03_CSStepper.xcdatamodeld */,
				F61FCC3327BB9C72000F2B3C /* CSStepper.swift */,
			);
			path = "Chapter03-CSStepper";
			sourceTree = "<group>";
		};
/* End PBXGroup section */

/* Begin PBXNativeTarget section */
		F61FCC1827BB9C63000F2B3C /* Chapter03-CSStepper */ = {
			isa = PBXNativeTarget;
			buildConfigurationList = F61FCC3027BB9C63000F2B3C /* Build configuration list for PBXNativeTarget "Chapter03-CSStepper" */;
			buildPhases = (
				F61FCC1527BB9C63000F2B3C /* Sources */,
				F61FCC1627BB9C63000F2B3C /* Frameworks */,
				F61FCC1727BB9C63000F2B3C /* Resources */,
			);
			buildRules = (
			);
			dependencies = (
			);
			name = "Chapter03-CSStepper";
			productName = "Chapter03-CSStepper";
			productReference = F61FCC1927BB9C63000F2B3C /* Chapter03-CSStepper.app */;
			productType = "com.apple.product-type.application";
		};
/* End PBXNativeTarget section */

/* Begin PBXProject section */
		F61FCC1127BB9C63000F2B3C /* Project object */ = {
			isa = PBXProject;
			attributes = {
				BuildIndependentTargetsInParallel = 1;
				LastSwiftUpdateCheck = 1300;
				LastUpgradeCheck = 1300;
				TargetAttributes = {
					F61FCC1827BB9C63000F2B3C = {
						CreatedOnToolsVersion = 13.0;
					};
				};
			};
			buildConfigurationList = F61FCC1427BB9C63000F2B3C /* Build configuration list for PBXProject "Chapter03-CSStepper" */;
			compatibilityVersion = "Xcode 13.0";
			developmentRegion = en;
			hasScannedForEncodings = 0;
			knownRegions = (
				en,
				Base,
			);
			mainGroup = F61FCC1027BB9C63000F2B3C;
			productRefGroup = F61FCC1A27BB9C63000F2B3C /* Products */;
			projectDirPath = "";
			projectRoot = "";
			targets = (
				F61FCC1827BB9C63000F2B3C /* Chapter03-CSStepper */,
			);
		};
/* End PBXProject section */

/* Begin PBXResourcesBuildPhase section */
		F61FCC1727BB9C63000F2B3C /* Resources */ = {
			isa = PBXResourcesBuildPhase;
			buildActionMask = 2147483647;
			files = (
				F61FCC2C27BB9C63000F2B3C /* LaunchScreen.storyboard in Resources */,
				F61FCC2927BB9C63000F2B3C /* Assets.xcassets in Resources */,
				F61FCC2427BB9C63000F2B3C /* Main.storyboard in Resources */,
			);
			runOnlyForDeploymentPostprocessing = 0;
		};
/* End PBXResourcesBuildPhase section */

/* Begin PBXSourcesBuildPhase section */
		F61FCC1527BB9C63000F2B3C /* Sources */ = {
			isa = PBXSourcesBuildPhase;
			buildActionMask = 2147483647;
			files = (
				F61FCC2727BB9C63000F2B3C /* Chapter03_CSStepper.xcdatamodeld in Sources */,
				F61FCC3427BB9C72000F2B3C /* CSStepper.swift in Sources */,
				F61FCC2127BB9C63000F2B3C /* ViewController.swift in Sources */,
				F61FCC1D27BB9C63000F2B3C /* AppDelegate.swift in Sources */,
				F61FCC1F27BB9C63000F2B3C /* SceneDelegate.swift in Sources */,
			);
			runOnlyForDeploymentPostprocessing = 0;
		};
/* End PBXSourcesBuildPhase section */

/* Begin PBXVariantGroup section */
		F61FCC2227BB9C63000F2B3C /* Main.storyboard */ = {
			isa = PBXVariantGroup;
			children = (
				F61FCC2327BB9C63000F2B3C /* Base */,
			);
			name = Main.storyboard;
			sourceTree = "<group>";
		};
		F61FCC2A27BB9C63000F2B3C /* LaunchScreen.storyboard */ = {
			isa = PBXVariantGroup;
			children = (
				F61FCC2B27BB9C63000F2B3C /* Base */,
			);
			name = LaunchScreen.storyboard;
			sourceTree = "<group>";
		};
/* End PBXVariantGroup section */

/* Begin XCBuildConfiguration section */
		F61FCC2E27BB9C63000F2B3C /* Debug */ = {
			isa = XCBuildConfiguration;
			buildSettings = {
				ALWAYS_SEARCH_USER_PATHS = NO;
				CLANG_ANALYZER_NONNULL = YES;
				CLANG_ANALYZER_NUMBER_OBJECT_CONVERSION = YES_AGGRESSIVE;
				CLANG_CXX_LANGUAGE_STANDARD = "gnu++17";
				CLANG_CXX_LIBRARY = "libc++";
				CLANG_ENABLE_MODULES = YES;
				CLANG_ENABLE_OBJC_ARC = YES;
				CLANG_ENABLE_OBJC_WEAK = YES;
				CLANG_WARN_BLOCK_CAPTURE_AUTORELEASING = YES;
				CLANG_WARN_BOOL_CONVERSION = YES;
				CLANG_WARN_COMMA = YES;
				CLANG_WARN_CONSTANT_CONVERSION = YES;
				CLANG_WARN_DEPRECATED_OBJC_IMPLEMENTATIONS = YES;
				CLANG_WARN_DIRECT_OBJC_ISA_USAGE = YES_ERROR;
				CLANG_WARN_DOCUMENTATION_COMMENTS = YES;
				CLANG_WARN_EMPTY_BODY = YES;
				CLANG_WARN_ENUM_CONVERSION = YES;
				CLANG_WARN_INFINITE_RECURSION = YES;
				CLANG_WARN_INT_CONVERSION = YES;
				CLANG_WARN_NON_LITERAL_NULL_CONVERSION = YES;
				CLANG_WARN_OBJC_IMPLICIT_RETAIN_SELF = YES;
				CLANG_WARN_OBJC_LITERAL_CONVERSION = YES;
				CLANG_WARN_OBJC_ROOT_CLASS = YES_ERROR;
				CLANG_WARN_QUOTED_INCLUDE_IN_FRAMEWORK_HEADER = YES;
				CLANG_WARN_RANGE_LOOP_ANALYSIS = YES;
				CLANG_WARN_STRICT_PROTOTYPES = YES;
				CLANG_WARN_SUSPICIOUS_MOVE = YES;
				CLANG_WARN_UNGUARDED_AVAILABILITY = YES_AGGRESSIVE;
				CLANG_WARN_UNREACHABLE_CODE = YES;
				CLANG_WARN__DUPLICATE_METHOD_MATCH = YES;
				COPY_PHASE_STRIP = NO;
				DEBUG_INFORMATION_FORMAT = dwarf;
				ENABLE_STRICT_OBJC_MSGSEND = YES;
				ENABLE_TESTABILITY = YES;
				GCC_C_LANGUAGE_STANDARD = gnu11;
				GCC_DYNAMIC_NO_PIC = NO;
				GCC_NO_COMMON_BLOCKS = YES;
				GCC_OPTIMIZATION_LEVEL = 0;
				GCC_PREPROCESSOR_DEFINITIONS = (
					"DEBUG=1",
					"$(inherited)",
				);
				GCC_WARN_64_TO_32_BIT_CONVERSION = YES;
				GCC_WARN_ABOUT_RETURN_TYPE = YES_ERROR;
				GCC_WARN_UNDECLARED_SELECTOR = YES;
				GCC_WARN_UNINITIALIZED_AUTOS = YES_AGGRESSIVE;
				GCC_WARN_UNUSED_FUNCTION = YES;
				GCC_WARN_UNUSED_VARIABLE = YES;
				IPHONEOS_DEPLOYMENT_TARGET = 15.0;
				MTL_ENABLE_DEBUG_INFO = INCLUDE_SOURCE;
				MTL_FAST_MATH = YES;
				ONLY_ACTIVE_ARCH = YES;
				SDKROOT = iphoneos;
				SWIFT_ACTIVE_COMPILATION_CONDITIONS = DEBUG;
				SWIFT_OPTIMIZATION_LEVEL = "-Onone";
			};
			name = Debug;
		};
		F61FCC2F27BB9C63000F2B3C /* Release */ = {
			isa = XCBuildConfiguration;
			buildSettings = {
				ALWAYS_SEARCH_USER_PATHS = NO;
				CLANG_ANALYZER_NONNULL = YES;
				CLANG_ANALYZER_NUMBER_OBJECT_CONVERSION = YES_AGGRESSIVE;
				CLANG_CXX_LANGUAGE_STANDARD = "gnu++17";
				CLANG_CXX_LIBRARY = "libc++";
				CLANG_ENABLE_MODULES = YES;
				CLANG_ENABLE_OBJC_ARC = YES;
				CLANG_ENABLE_OBJC_WEAK = YES;
				CLANG_WARN_BLOCK_CAPTURE_AUTORELEASING = YES;
				CLANG_WARN_BOOL_CONVERSION = YES;
				CLANG_WARN_COMMA = YES;
				CLANG_WARN_CONSTANT_CONVERSION = YES;
				CLANG_WARN_DEPRECATED_OBJC_IMPLEMENTATIONS = YES;
				CLANG_WARN_DIRECT_OBJC_ISA_USAGE = YES_ERROR;
				CLANG_WARN_DOCUMENTATION_COMMENTS = YES;
				CLANG_WARN_EMPTY_BODY = YES;
				CLANG_WARN_ENUM_CONVERSION = YES;
				CLANG_WARN_INFINITE_RECURSION = YES;
				CLANG_WARN_INT_CONVERSION = YES;
				CLANG_WARN_NON_LITERAL_NULL_CONVERSION = YES;
				CLANG_WARN_OBJC_IMPLICIT_RETAIN_SELF = YES;
				CLANG_WARN_OBJC_LITERAL_CONVERSION = YES;
				CLANG_WARN_OBJC_ROOT_CLASS = YES_ERROR;
				CLANG_WARN_QUOTED_INCLUDE_IN_FRAMEWORK_HEADER = YES;
				CLANG_WARN_RANGE_LOOP_ANALYSIS = YES;
				CLANG_WARN_STRICT_PROTOTYPES = YES;
				CLANG_WARN_SUSPICIOUS_MOVE = YES;
				CLANG_WARN_UNGUARDED_AVAILABILITY = YES_AGGRESSIVE;
				CLANG_WARN_UNREACHABLE_CODE = YES;
				CLANG_WARN__DUPLICATE_METHOD_MATCH = YES;
				COPY_PHASE_STRIP = NO;
				DEBUG_INFORMATION_FORMAT = "dwarf-with-dsym";
				ENABLE_NS_ASSERTIONS = NO;
				ENABLE_STRICT_OBJC_MSGSEND = YES;
				GCC_C_LANGUAGE_STANDARD = gnu11;
				GCC_NO_COMMON_BLOCKS = YES;
				GCC_WARN_64_TO_32_BIT_CONVERSION = YES;
				GCC_WARN_ABOUT_RETURN_TYPE = YES_ERROR;
				GCC_WARN_UNDECLARED_SELECTOR = YES;
				GCC_WARN_UNINITIALIZED_AUTOS = YES_AGGRESSIVE;
				GCC_WARN_UNUSED_FUNCTION = YES;
				GCC_WARN_UNUSED_VARIABLE = YES;
				IPHONEOS_DEPLOYMENT_TARGET = 15.0;
				MTL_ENABLE_DEBUG_INFO = NO;
				MTL_FAST_MATH = YES;
				SDKROOT = iphoneos;
				SWIFT_COMPILATION_MODE = wholemodule;
				SWIFT_OPTIMIZATION_LEVEL = "-O";
				VALIDATE_PRODUCT = YES;
			};
			name = Release;
		};
		F61FCC3127BB9C63000F2B3C /* Debug */ = {
			isa = XCBuildConfiguration;
			buildSettings = {
				ASSETCATALOG_COMPILER_APPICON_NAME = AppIcon;
				ASSETCATALOG_COMPILER_GLOBAL_ACCENT_COLOR_NAME = AccentColor;
				CODE_SIGN_STYLE = Automatic;
				CURRENT_PROJECT_VERSION = 1;
				DEVELOPMENT_TEAM = 826S2MP53C;
				GENERATE_INFOPLIST_FILE = YES;
				INFOPLIST_FILE = "Chapter03-CSStepper/Info.plist";
				INFOPLIST_KEY_UIApplicationSupportsIndirectInputEvents = YES;
				INFOPLIST_KEY_UILaunchStoryboardName = LaunchScreen;
				INFOPLIST_KEY_UIMainStoryboardFile = Main;
				INFOPLIST_KEY_UISupportedInterfaceOrientations_iPad = "UIInterfaceOrientationPortrait UIInterfaceOrientationPortraitUpsideDown UIInterfaceOrientationLandscapeLeft UIInterfaceOrientationLandscapeRight";
				INFOPLIST_KEY_UISupportedInterfaceOrientations_iPhone = "UIInterfaceOrientationPortrait UIInterfaceOrientationLandscapeLeft UIInterfaceOrientationLandscapeRight";
				LD_RUNPATH_SEARCH_PATHS = (
					"$(inherited)",
					"@executable_path/Frameworks",
				);
				MARKETING_VERSION = 1.0;
				PRODUCT_BUNDLE_IDENTIFIER = "com.yoonjae.Chapter03-CSStepper";
				PRODUCT_NAME = "$(TARGET_NAME)";
				SWIFT_EMIT_LOC_STRINGS = YES;
				SWIFT_VERSION = 5.0;
				TARGETED_DEVICE_FAMILY = "1,2";
			};
			name = Debug;
		};
		F61FCC3227BB9C63000F2B3C /* Release */ = {
			isa = XCBuildConfiguration;
			buildSettings = {
				ASSETCATALOG_COMPILER_APPICON_NAME = AppIcon;
				ASSETCATALOG_COMPILER_GLOBAL_ACCENT_COLOR_NAME = AccentColor;
				CODE_SIGN_STYLE = Automatic;
				CURRENT_PROJECT_VERSION = 1;
				DEVELOPMENT_TEAM = 826S2MP53C;
				GENERATE_INFOPLIST_FILE = YES;
				INFOPLIST_FILE = "Chapter03-CSStepper/Info.plist";
				INFOPLIST_KEY_UIApplicationSupportsIndirectInputEvents = YES;
				INFOPLIST_KEY_UILaunchStoryboardName = LaunchScreen;
				INFOPLIST_KEY_UIMainStoryboardFile = Main;
				INFOPLIST_KEY_UISupportedInterfaceOrientations_iPad = "UIInterfaceOrientationPortrait UIInterfaceOrientationPortraitUpsideDown UIInterfaceOrientationLandscapeLeft UIInterfaceOrientationLandscapeRight";
				INFOPLIST_KEY_UISupportedInterfaceOrientations_iPhone = "UIInterfaceOrientationPortrait UIInterfaceOrientationLandscapeLeft UIInterfaceOrientationLandscapeRight";
				LD_RUNPATH_SEARCH_PATHS = (
					"$(inherited)",
					"@executable_path/Frameworks",
				);
				MARKETING_VERSION = 1.0;
				PRODUCT_BUNDLE_IDENTIFIER = "com.yoonjae.Chapter03-CSStepper";
				PRODUCT_NAME = "$(TARGET_NAME)";
				SWIFT_EMIT_LOC_STRINGS = YES;
				SWIFT_VERSION = 5.0;
				TARGETED_DEVICE_FAMILY = "1,2";
			};
			name = Release;
		};
/* End XCBuildConfiguration section */

/* Begin XCConfigurationList section */
		F61FCC1427BB9C63000F2B3C /* Build configuration list for PBXProject "Chapter03-CSStepper" */ = {
			isa = XCConfigurationList;
			buildConfigurations = (
				F61FCC2E27BB9C63000F2B3C /* Debug */,
				F61FCC2F27BB9C63000F2B3C /* Release */,
			);
			defaultConfigurationIsVisible = 0;
			defaultConfigurationName = Release;
		};
		F61FCC3027BB9C63000F2B3C /* Build configuration list for PBXNativeTarget "Chapter03-CSStepper" */ = {
			isa = XCConfigurationList;
			buildConfigurations = (
				F61FCC3127BB9C63000F2B3C /* Debug */,
				F61FCC3227BB9C63000F2B3C /* Release */,
			);
			defaultConfigurationIsVisible = 0;
			defaultConfigurationName = Release;
		};
/* End XCConfigurationList section */

/* Begin XCVersionGroup section */
		F61FCC2527BB9C63000F2B3C /* Chapter03_CSStepper.xcdatamodeld */ = {
			isa = XCVersionGroup;
			children = (
				F61FCC2627BB9C63000F2B3C /* Chapter03_CSStepper.xcdatamodel */,
			);
			currentVersion = F61FCC2627BB9C63000F2B3C /* Chapter03_CSStepper.xcdatamodel */;
			path = Chapter03_CSStepper.xcdatamodeld;
			sourceTree = "<group>";
			versionGroupType = wrapper.xcdatamodel;
		};
/* End XCVersionGroup section */
	};
	rootObject = F61FCC1127BB9C63000F2B3C /* Project object */;
}
