// !$*UTF8*$!
{
	archiveVersion = 1;
	classes = {
	};
	objectVersion = 55;
	objects = {

/* Begin PBXBuildFile section */
		F61FCBD327BB84E6000F2B3C /* AppDelegate.swift in Sources */ = {isa = PBXBuildFile; fileRef = F61FCBD227BB84E6000F2B3C /* AppDelegate.swift */; };
		F61FCBD527BB84E6000F2B3C /* SceneDelegate.swift in Sources */ = {isa = PBXBuildFile; fileRef = F61FCBD427BB84E6000F2B3C /* SceneDelegate.swift */; };
		F61FCBD727BB84E6000F2B3C /* ViewController.swift in Sources */ = {isa = PBXBuildFile; fileRef = F61FCBD627BB84E6000F2B3C /* ViewController.swift */; };
		F61FCBDA27BB84E6000F2B3C /* Main.storyboard in Resources */ = {isa = PBXBuildFile; fileRef = F61FCBD827BB84E6000F2B3C /* Main.storyboard */; };
		F61FCBDD27BB84E6000F2B3C /* Chapter03_CSButton.xcdatamodeld in Sources */ = {isa = PBXBuildFile; fileRef = F61FCBDB27BB84E6000F2B3C /* Chapter03_CSButton.xcdatamodeld */; };
		F61FCBDF27BB84E7000F2B3C /* Assets.xcassets in Resources */ = {isa = PBXBuildFile; fileRef = F61FCBDE27BB84E7000F2B3C /* Assets.xcassets */; };
		F61FCBE227BB84E7000F2B3C /* LaunchScreen.storyboard in Resources */ = {isa = PBXBuildFile; fileRef = F61FCBE027BB84E7000F2B3C /* LaunchScreen.storyboard */; };
		F61FCBEA27BB84F5000F2B3C /* CSButton.swift in Sources */ = {isa = PBXBuildFile; fileRef = F61FCBE927BB84F5000F2B3C /* CSButton.swift */; };
/* End PBXBuildFile section */

/* Begin PBXFileReference section */
		F61FCBCF27BB84E6000F2B3C /* Chapter03-CSButton.app */ = {isa = PBXFileReference; explicitFileType = wrapper.application; includeInIndex = 0; path = "Chapter03-CSButton.app"; sourceTree = BUILT_PRODUCTS_DIR; };
		F61FCBD227BB84E6000F2B3C /* AppDelegate.swift */ = {isa = PBXFileReference; lastKnownFileType = sourcecode.swift; path = AppDelegate.swift; sourceTree = "<group>"; };
		F61FCBD427BB84E6000F2B3C /* SceneDelegate.swift */ = {isa = PBXFileReference; lastKnownFileType = sourcecode.swift; path = SceneDelegate.swift; sourceTree = "<group>"; };
		F61FCBD627BB84E6000F2B3C /* ViewController.swift */ = {isa = PBXFileReference; lastKnownFileType = sourcecode.swift; path = ViewController.swift; sourceTree = "<group>"; };
		F61FCBD927BB84E6000F2B3C /* Base */ = {isa = PBXFileReference; lastKnownFileType = file.storyboard; name = Base; path = Base.lproj/Main.storyboard; sourceTree = "<group>"; };
		F61FCBDC27BB84E6000F2B3C /* Chapter03_CSButton.xcdatamodel */ = {isa = PBXFileReference; lastKnownFileType = wrapper.xcdatamodel; path = Chapter03_CSButton.xcdatamodel; sourceTree = "<group>"; };
		F61FCBDE27BB84E7000F2B3C /* Assets.xcassets */ = {isa = PBXFileReference; lastKnownFileType = folder.assetcatalog; path = Assets.xcassets; sourceTree = "<group>"; };
		F61FCBE127BB84E7000F2B3C /* Base */ = {isa = PBXFileReference; lastKnownFileType = file.storyboard; name = Base; path = Base.lproj/LaunchScreen.storyboard; sourceTree = "<group>"; };
		F61FCBE327BB84E7000F2B3C /* Info.plist */ = {isa = PBXFileReference; lastKnownFileType = text.plist.xml; path = Info.plist; sourceTree = "<group>"; };
		F61FCBE927BB84F5000F2B3C /* CSButton.swift */ = {isa = PBXFileReference; lastKnownFileType = sourcecode.swift; path = CSButton.swift; sourceTree = "<group>"; };
/* End PBXFileReference section */

/* Begin PBXFrameworksBuildPhase section */
		F61FCBCC27BB84E6000F2B3C /* Frameworks */ = {
			isa = PBXFrameworksBuildPhase;
			buildActionMask = 2147483647;
			files = (
			);
			runOnlyForDeploymentPostprocessing = 0;
		};
/* End PBXFrameworksBuildPhase section */

/* Begin PBXGroup section */
		F61FCBC627BB84E6000F2B3C = {
			isa = PBXGroup;
			children = (
				F61FCBD127BB84E6000F2B3C /* Chapter03-CSButton */,
				F61FCBD027BB84E6000F2B3C /* Products */,
			);
			sourceTree = "<group>";
		};
		F61FCBD027BB84E6000F2B3C /* Products */ = {
			isa = PBXGroup;
			children = (
				F61FCBCF27BB84E6000F2B3C /* Chapter03-CSButton.app */,
			);
			name = Products;
			sourceTree = "<group>";
		};
		F61FCBD127BB84E6000F2B3C /* Chapter03-CSButton */ = {
			isa = PBXGroup;
			children = (
				F61FCBD227BB84E6000F2B3C /* AppDelegate.swift */,
				F61FCBD427BB84E6000F2B3C /* SceneDelegate.swift */,
				F61FCBD627BB84E6000F2B3C /* ViewController.swift */,
				F61FCBD827BB84E6000F2B3C /* Main.storyboard */,
				F61FCBDE27BB84E7000F2B3C /* Assets.xcassets */,
				F61FCBE027BB84E7000F2B3C /* LaunchScreen.storyboard */,
				F61FCBE327BB84E7000F2B3C /* Info.plist */,
				F61FCBDB27BB84E6000F2B3C /* Chapter03_CSButton.xcdatamodeld */,
				F61FCBE927BB84F5000F2B3C /* CSButton.swift */,
			);
			path = "Chapter03-CSButton";
			sourceTree = "<group>";
		};
/* End PBXGroup section */

/* Begin PBXNativeTarget section */
		F61FCBCE27BB84E6000F2B3C /* Chapter03-CSButton */ = {
			isa = PBXNativeTarget;
			buildConfigurationList = F61FCBE627BB84E7000F2B3C /* Build configuration list for PBXNativeTarget "Chapter03-CSButton" */;
			buildPhases = (
				F61FCBCB27BB84E6000F2B3C /* Sources */,
				F61FCBCC27BB84E6000F2B3C /* Frameworks */,
				F61FCBCD27BB84E6000F2B3C /* Resources */,
			);
			buildRules = (
			);
			dependencies = (
			);
			name = "Chapter03-CSButton";
			productName = "Chapter03-CSButton";
			productReference = F61FCBCF27BB84E6000F2B3C /* Chapter03-CSButton.app */;
			productType = "com.apple.product-type.application";
		};
/* End PBXNativeTarget section */

/* Begin PBXProject section */
		F61FCBC727BB84E6000F2B3C /* Project object */ = {
			isa = PBXProject;
			attributes = {
				BuildIndependentTargetsInParallel = 1;
				LastSwiftUpdateCheck = 1300;
				LastUpgradeCheck = 1300;
				TargetAttributes = {
					F61FCBCE27BB84E6000F2B3C = {
						CreatedOnToolsVersion = 13.0;
					};
				};
			};
			buildConfigurationList = F61FCBCA27BB84E6000F2B3C /* Build configuration list for PBXProject "Chapter03-CSButton" */;
			compatibilityVersion = "Xcode 13.0";
			developmentRegion = en;
			hasScannedForEncodings = 0;
			knownRegions = (
				en,
				Base,
			);
			mainGroup = F61FCBC627BB84E6000F2B3C;
			productRefGroup = F61FCBD027BB84E6000F2B3C /* Products */;
			projectDirPath = "";
			projectRoot = "";
			targets = (
				F61FCBCE27BB84E6000F2B3C /* Chapter03-CSButton */,
			);
		};
/* End PBXProject section */

/* Begin PBXResourcesBuildPhase section */
		F61FCBCD27BB84E6000F2B3C /* Resources */ = {
			isa = PBXResourcesBuildPhase;
			buildActionMask = 2147483647;
			files = (
				F61FCBE227BB84E7000F2B3C /* LaunchScreen.storyboard in Resources */,
				F61FCBDF27BB84E7000F2B3C /* Assets.xcassets in Resources */,
				F61FCBDA27BB84E6000F2B3C /* Main.storyboard in Resources */,
			);
			runOnlyForDeploymentPostprocessing = 0;
		};
/* End PBXResourcesBuildPhase section */

/* Begin PBXSourcesBuildPhase section */
		F61FCBCB27BB84E6000F2B3C /* Sources */ = {
			isa = PBXSourcesBuildPhase;
			buildActionMask = 2147483647;
			files = (
				F61FCBD727BB84E6000F2B3C /* ViewController.swift in Sources */,
				F61FCBEA27BB84F5000F2B3C /* CSButton.swift in Sources */,
				F61FCBD327BB84E6000F2B3C /* AppDelegate.swift in Sources */,
				F61FCBDD27BB84E6000F2B3C /* Chapter03_CSButton.xcdatamodeld in Sources */,
				F61FCBD527BB84E6000F2B3C /* SceneDelegate.swift in Sources */,
			);
			runOnlyForDeploymentPostprocessing = 0;
		};
/* End PBXSourcesBuildPhase section */

/* Begin PBXVariantGroup section */
		F61FCBD827BB84E6000F2B3C /* Main.storyboard */ = {
			isa = PBXVariantGroup;
			children = (
				F61FCBD927BB84E6000F2B3C /* Base */,
			);
			name = Main.storyboard;
			sourceTree = "<group>";
		};
		F61FCBE027BB84E7000F2B3C /* LaunchScreen.storyboard */ = {
			isa = PBXVariantGroup;
			children = (
				F61FCBE127BB84E7000F2B3C /* Base */,
			);
			name = LaunchScreen.storyboard;
			sourceTree = "<group>";
		};
/* End PBXVariantGroup section */

/* Begin XCBuildConfiguration section */
		F61FCBE427BB84E7000F2B3C /* Debug */ = {
			isa = XCBuildConfiguration;
			buildSettings = {
				ALWAYS_SEARCH_USER_PATHS = NO;
				CLANG_ANALYZER_NONNULL = YES;
				CLANG_ANALYZER_NUMBER_OBJECT_CONVERSION = YES_AGGRESSIVE;
				CLANG_CXX_LANGUAGE_STANDARD = "gnu++17";
				CLANG_CXX_LIBRARY = "libc++";
				CLANG_ENABLE_MODULES = YES;
				CLANG_ENABLE_OBJC_ARC = YES;
				CLANG_ENABLE_OBJC_WEAK = YES;
				CLANG_WARN_BLOCK_CAPTURE_AUTORELEASING = YES;
				CLANG_WARN_BOOL_CONVERSION = YES;
				CLANG_WARN_COMMA = YES;
				CLANG_WARN_CONSTANT_CONVERSION = YES;
				CLANG_WARN_DEPRECATED_OBJC_IMPLEMENTATIONS = YES;
				CLANG_WARN_DIRECT_OBJC_ISA_USAGE = YES_ERROR;
				CLANG_WARN_DOCUMENTATION_COMMENTS = YES;
				CLANG_WARN_EMPTY_BODY = YES;
				CLANG_WARN_ENUM_CONVERSION = YES;
				CLANG_WARN_INFINITE_RECURSION = YES;
				CLANG_WARN_INT_CONVERSION = YES;
				CLANG_WARN_NON_LITERAL_NULL_CONVERSION = YES;
				CLANG_WARN_OBJC_IMPLICIT_RETAIN_SELF = YES;
				CLANG_WARN_OBJC_LITERAL_CONVERSION = YES;
				CLANG_WARN_OBJC_ROOT_CLASS = YES_ERROR;
				CLANG_WARN_QUOTED_INCLUDE_IN_FRAMEWORK_HEADER = YES;
				CLANG_WARN_RANGE_LOOP_ANALYSIS = YES;
				CLANG_WARN_STRICT_PROTOTYPES = YES;
				CLANG_WARN_SUSPICIOUS_MOVE = YES;
				CLANG_WARN_UNGUARDED_AVAILABILITY = YES_AGGRESSIVE;
				CLANG_WARN_UNREACHABLE_CODE = YES;
				CLANG_WARN__DUPLICATE_METHOD_MATCH = YES;
				COPY_PHASE_STRIP = NO;
				DEBUG_INFORMATION_FORMAT = dwarf;
				ENABLE_STRICT_OBJC_MSGSEND = YES;
				ENABLE_TESTABILITY = YES;
				GCC_C_LANGUAGE_STANDARD = gnu11;
				GCC_DYNAMIC_NO_PIC = NO;
				GCC_NO_COMMON_BLOCKS = YES;
				GCC_OPTIMIZATION_LEVEL = 0;
				GCC_PREPROCESSOR_DEFINITIONS = (
					"DEBUG=1",
					"$(inherited)",
				);
				GCC_WARN_64_TO_32_BIT_CONVERSION = YES;
				GCC_WARN_ABOUT_RETURN_TYPE = YES_ERROR;
				GCC_WARN_UNDECLARED_SELECTOR = YES;
				GCC_WARN_UNINITIALIZED_AUTOS = YES_AGGRESSIVE;
				GCC_WARN_UNUSED_FUNCTION = YES;
				GCC_WARN_UNUSED_VARIABLE = YES;
				IPHONEOS_DEPLOYMENT_TARGET = 15.0;
				MTL_ENABLE_DEBUG_INFO = INCLUDE_SOURCE;
				MTL_FAST_MATH = YES;
				ONLY_ACTIVE_ARCH = YES;
				SDKROOT = iphoneos;
				SWIFT_ACTIVE_COMPILATION_CONDITIONS = DEBUG;
				SWIFT_OPTIMIZATION_LEVEL = "-Onone";
			};
			name = Debug;
		};
		F61FCBE527BB84E7000F2B3C /* Release */ = {
			isa = XCBuildConfiguration;
			buildSettings = {
				ALWAYS_SEARCH_USER_PATHS = NO;
				CLANG_ANALYZER_NONNULL = YES;
				CLANG_ANALYZER_NUMBER_OBJECT_CONVERSION = YES_AGGRESSIVE;
				CLANG_CXX_LANGUAGE_STANDARD = "gnu++17";
				CLANG_CXX_LIBRARY = "libc++";
				CLANG_ENABLE_MODULES = YES;
				CLANG_ENABLE_OBJC_ARC = YES;
				CLANG_ENABLE_OBJC_WEAK = YES;
				CLANG_WARN_BLOCK_CAPTURE_AUTORELEASING = YES;
				CLANG_WARN_BOOL_CONVERSION = YES;
				CLANG_WARN_COMMA = YES;
				CLANG_WARN_CONSTANT_CONVERSION = YES;
				CLANG_WARN_DEPRECATED_OBJC_IMPLEMENTATIONS = YES;
				CLANG_WARN_DIRECT_OBJC_ISA_USAGE = YES_ERROR;
				CLANG_WARN_DOCUMENTATION_COMMENTS = YES;
				CLANG_WARN_EMPTY_BODY = YES;
				CLANG_WARN_ENUM_CONVERSION = YES;
				CLANG_WARN_INFINITE_RECURSION = YES;
				CLANG_WARN_INT_CONVERSION = YES;
				CLANG_WARN_NON_LITERAL_NULL_CONVERSION = YES;
				CLANG_WARN_OBJC_IMPLICIT_RETAIN_SELF = YES;
				CLANG_WARN_OBJC_LITERAL_CONVERSION = YES;
				CLANG_WARN_OBJC_ROOT_CLASS = YES_ERROR;
				CLANG_WARN_QUOTED_INCLUDE_IN_FRAMEWORK_HEADER = YES;
				CLANG_WARN_RANGE_LOOP_ANALYSIS = YES;
				CLANG_WARN_STRICT_PROTOTYPES = YES;
				CLANG_WARN_SUSPICIOUS_MOVE = YES;
				CLANG_WARN_UNGUARDED_AVAILABILITY = YES_AGGRESSIVE;
				CLANG_WARN_UNREACHABLE_CODE = YES;
				CLANG_WARN__DUPLICATE_METHOD_MATCH = YES;
				COPY_PHASE_STRIP = NO;
				DEBUG_INFORMATION_FORMAT = "dwarf-with-dsym";
				ENABLE_NS_ASSERTIONS = NO;
				ENABLE_STRICT_OBJC_MSGSEND = YES;
				GCC_C_LANGUAGE_STANDARD = gnu11;
				GCC_NO_COMMON_BLOCKS = YES;
				GCC_WARN_64_TO_32_BIT_CONVERSION = YES;
				GCC_WARN_ABOUT_RETURN_TYPE = YES_ERROR;
				GCC_WARN_UNDECLARED_SELECTOR = YES;
				GCC_WARN_UNINITIALIZED_AUTOS = YES_AGGRESSIVE;
				GCC_WARN_UNUSED_FUNCTION = YES;
				GCC_WARN_UNUSED_VARIABLE = YES;
				IPHONEOS_DEPLOYMENT_TARGET = 15.0;
				MTL_ENABLE_DEBUG_INFO = NO;
				MTL_FAST_MATH = YES;
				SDKROOT = iphoneos;
				SWIFT_COMPILATION_MODE = wholemodule;
				SWIFT_OPTIMIZATION_LEVEL = "-O";
				VALIDATE_PRODUCT = YES;
			};
			name = Release;
		};
		F61FCBE727BB84E7000F2B3C /* Debug */ = {
			isa = XCBuildConfiguration;
			buildSettings = {
				ASSETCATALOG_COMPILER_APPICON_NAME = AppIcon;
				ASSETCATALOG_COMPILER_GLOBAL_ACCENT_COLOR_NAME = AccentColor;
				CODE_SIGN_STYLE = Automatic;
				CURRENT_PROJECT_VERSION = 1;
				DEVELOPMENT_TEAM = 826S2MP53C;
				GENERATE_INFOPLIST_FILE = YES;
				INFOPLIST_FILE = "Chapter03-CSButton/Info.plist";
				INFOPLIST_KEY_UIApplicationSupportsIndirectInputEvents = YES;
				INFOPLIST_KEY_UILaunchStoryboardName = LaunchScreen;
				INFOPLIST_KEY_UIMainStoryboardFile = Main;
				INFOPLIST_KEY_UISupportedInterfaceOrientations_iPad = "UIInterfaceOrientationPortrait UIInterfaceOrientationPortraitUpsideDown UIInterfaceOrientationLandscapeLeft UIInterfaceOrientationLandscapeRight";
				INFOPLIST_KEY_UISupportedInterfaceOrientations_iPhone = "UIInterfaceOrientationPortrait UIInterfaceOrientationLandscapeLeft UIInterfaceOrientationLandscapeRight";
				LD_RUNPATH_SEARCH_PATHS = (
					"$(inherited)",
					"@executable_path/Frameworks",
				);
				MARKETING_VERSION = 1.0;
				PRODUCT_BUNDLE_IDENTIFIER = "com.yoonjae.Chapter03-CSButton";
				PRODUCT_NAME = "$(TARGET_NAME)";
				SWIFT_EMIT_LOC_STRINGS = YES;
				SWIFT_VERSION = 5.0;
				TARGETED_DEVICE_FAMILY = "1,2";
			};
			name = Debug;
		};
		F61FCBE827BB84E7000F2B3C /* Release */ = {
			isa = XCBuildConfiguration;
			buildSettings = {
				ASSETCATALOG_COMPILER_APPICON_NAME = AppIcon;
				ASSETCATALOG_COMPILER_GLOBAL_ACCENT_COLOR_NAME = AccentColor;
				CODE_SIGN_STYLE = Automatic;
				CURRENT_PROJECT_VERSION = 1;
				DEVELOPMENT_TEAM = 826S2MP53C;
				GENERATE_INFOPLIST_FILE = YES;
				INFOPLIST_FILE = "Chapter03-CSButton/Info.plist";
				INFOPLIST_KEY_UIApplicationSupportsIndirectInputEvents = YES;
				INFOPLIST_KEY_UILaunchStoryboardName = LaunchScreen;
				INFOPLIST_KEY_UIMainStoryboardFile = Main;
				INFOPLIST_KEY_UISupportedInterfaceOrientations_iPad = "UIInterfaceOrientationPortrait UIInterfaceOrientationPortraitUpsideDown UIInterfaceOrientationLandscapeLeft UIInterfaceOrientationLandscapeRight";
				INFOPLIST_KEY_UISupportedInterfaceOrientations_iPhone = "UIInterfaceOrientationPortrait UIInterfaceOrientationLandscapeLeft UIInterfaceOrientationLandscapeRight";
				LD_RUNPATH_SEARCH_PATHS = (
					"$(inherited)",
					"@executable_path/Frameworks",
				);
				MARKETING_VERSION = 1.0;
				PRODUCT_BUNDLE_IDENTIFIER = "com.yoonjae.Chapter03-CSButton";
				PRODUCT_NAME = "$(TARGET_NAME)";
				SWIFT_EMIT_LOC_STRINGS = YES;
				SWIFT_VERSION = 5.0;
				TARGETED_DEVICE_FAMILY = "1,2";
			};
			name = Release;
		};
/* End XCBuildConfiguration section */

/* Begin XCConfigurationList section */
		F61FCBCA27BB84E6000F2B3C /* Build configuration list for PBXProject "Chapter03-CSButton" */ = {
			isa = XCConfigurationList;
			buildConfigurations = (
				F61FCBE427BB84E7000F2B3C /* Debug */,
				F61FCBE527BB84E7000F2B3C /* Release */,
			);
			defaultConfigurationIsVisible = 0;
			defaultConfigurationName = Release;
		};
		F61FCBE627BB84E7000F2B3C /* Build configuration list for PBXNativeTarget "Chapter03-CSButton" */ = {
			isa = XCConfigurationList;
			buildConfigurations = (
				F61FCBE727BB84E7000F2B3C /* Debug */,
				F61FCBE827BB84E7000F2B3C /* Release */,
			);
			defaultConfigurationIsVisible = 0;
			defaultConfigurationName = Release;
		};
/* End XCConfigurationList section */

/* Begin XCVersionGroup section */
		F61FCBDB27BB84E6000F2B3C /* Chapter03_CSButton.xcdatamodeld */ = {
			isa = XCVersionGroup;
			children = (
				F61FCBDC27BB84E6000F2B3C /* Chapter03_CSButton.xcdatamodel */,
			);
			currentVersion = F61FCBDC27BB84E6000F2B3C /* Chapter03_CSButton.xcdatamodel */;
			path = Chapter03_CSButton.xcdatamodeld;
			sourceTree = "<group>";
			versionGroupType = wrapper.xcdatamodel;
		};
/* End XCVersionGroup section */
	};
	rootObject = F61FCBC727BB84E6000F2B3C /* Project object */;
}
