// !$*UTF8*$!
{
	archiveVersion = 1;
	classes = {
	};
	objectVersion = 55;
	objects = {

/* Begin PBXBuildFile section */
		F61FCC3627BBA3E0000F2B3C /* CSLogButton.swift in Sources */ = {isa = PBXBuildFile; fileRef = F61FCC3527BBA3E0000F2B3C /* CSLogButton.swift */; };
		F678B78E27B7AF1400F4C4D7 /* MemoListVC.swift in Sources */ = {isa = PBXBuildFile; fileRef = F678B78D27B7AF1400F4C4D7 /* MemoListVC.swift */; };
		F678B79027B7AF2900F4C4D7 /* MemoFormVC.swift in Sources */ = {isa = PBXBuildFile; fileRef = F678B78F27B7AF2900F4C4D7 /* MemoFormVC.swift */; };
		F678B79227B7AF3400F4C4D7 /* MemoReadVC.swift in Sources */ = {isa = PBXBuildFile; fileRef = F678B79127B7AF3400F4C4D7 /* MemoReadVC.swift */; };
		F678B79427B7AF8900F4C4D7 /* MemoCell.swift in Sources */ = {isa = PBXBuildFile; fileRef = F678B79327B7AF8900F4C4D7 /* MemoCell.swift */; };
		F678B79627B7AFA500F4C4D7 /* MemoData.swift in Sources */ = {isa = PBXBuildFile; fileRef = F678B79527B7AFA500F4C4D7 /* MemoData.swift */; };
		F6E8FA4E27BD6E9000F85C9F /* SWRevealViewController.m in Sources */ = {isa = PBXBuildFile; fileRef = F6E8FA4D27BD6E9000F85C9F /* SWRevealViewController.m */; };
		F6E8FA5B27BD6EC300F85C9F /* icon04.png in Resources */ = {isa = PBXBuildFile; fileRef = F6E8FA4F27BD6EC300F85C9F /* icon04.png */; };
		F6E8FA5C27BD6EC300F85C9F /* icon06.png in Resources */ = {isa = PBXBuildFile; fileRef = F6E8FA5027BD6EC300F85C9F /* icon06.png */; };
		F6E8FA5D27BD6EC300F85C9F /* memo-background@2x.png in Resources */ = {isa = PBXBuildFile; fileRef = F6E8FA5127BD6EC300F85C9F /* memo-background@2x.png */; };
		F6E8FA5E27BD6EC300F85C9F /* icon05.png in Resources */ = {isa = PBXBuildFile; fileRef = F6E8FA5227BD6EC300F85C9F /* icon05.png */; };
		F6E8FA5F27BD6EC300F85C9F /* profile-bg.png in Resources */ = {isa = PBXBuildFile; fileRef = F6E8FA5327BD6EC300F85C9F /* profile-bg.png */; };
		F6E8FA6027BD6EC300F85C9F /* sidemenu.png in Resources */ = {isa = PBXBuildFile; fileRef = F6E8FA5427BD6EC300F85C9F /* sidemenu.png */; };
		F6E8FA6127BD6EC300F85C9F /* icon01.png in Resources */ = {isa = PBXBuildFile; fileRef = F6E8FA5527BD6EC300F85C9F /* icon01.png */; };
		F6E8FA6227BD6EC300F85C9F /* button-bg.png in Resources */ = {isa = PBXBuildFile; fileRef = F6E8FA5627BD6EC300F85C9F /* button-bg.png */; };
		F6E8FA6327BD6EC300F85C9F /* icon02.png in Resources */ = {isa = PBXBuildFile; fileRef = F6E8FA5727BD6EC300F85C9F /* icon02.png */; };
		F6E8FA6427BD6EC300F85C9F /* icon03.png in Resources */ = {isa = PBXBuildFile; fileRef = F6E8FA5827BD6EC300F85C9F /* icon03.png */; };
		F6E8FA6527BD6EC300F85C9F /* account@2x.jpg in Resources */ = {isa = PBXBuildFile; fileRef = F6E8FA5927BD6EC300F85C9F /* account@2x.jpg */; };
		F6E8FA6627BD6EC300F85C9F /* warning-icon-60@2x.png in Resources */ = {isa = PBXBuildFile; fileRef = F6E8FA5A27BD6EC300F85C9F /* warning-icon-60@2x.png */; };
		F6E8FA6827BD71D300F85C9F /* SideBarVC.swift in Sources */ = {isa = PBXBuildFile; fileRef = F6E8FA6727BD71D300F85C9F /* SideBarVC.swift */; };
		F6EBC87727B668B500C73CAD /* AppDelegate.swift in Sources */ = {isa = PBXBuildFile; fileRef = F6EBC87627B668B500C73CAD /* AppDelegate.swift */; };
		F6EBC87927B668B500C73CAD /* SceneDelegate.swift in Sources */ = {isa = PBXBuildFile; fileRef = F6EBC87827B668B500C73CAD /* SceneDelegate.swift */; };
		F6EBC87B27B668B500C73CAD /* ViewController.swift in Sources */ = {isa = PBXBuildFile; fileRef = F6EBC87A27B668B500C73CAD /* ViewController.swift */; };
		F6EBC87E27B668B500C73CAD /* Main.storyboard in Resources */ = {isa = PBXBuildFile; fileRef = F6EBC87C27B668B500C73CAD /* Main.storyboard */; };
		F6EBC88127B668B500C73CAD /* MyNote.xcdatamodeld in Sources */ = {isa = PBXBuildFile; fileRef = F6EBC87F27B668B500C73CAD /* MyNote.xcdatamodeld */; };
		F6EBC88327B668B600C73CAD /* Assets.xcassets in Resources */ = {isa = PBXBuildFile; fileRef = F6EBC88227B668B600C73CAD /* Assets.xcassets */; };
		F6EBC88627B668B600C73CAD /* LaunchScreen.storyboard in Resources */ = {isa = PBXBuildFile; fileRef = F6EBC88427B668B600C73CAD /* LaunchScreen.storyboard */; };
/* End PBXBuildFile section */

/* Begin PBXFileReference section */
		F61FCC3527BBA3E0000F2B3C /* CSLogButton.swift */ = {isa = PBXFileReference; lastKnownFileType = sourcecode.swift; path = CSLogButton.swift; sourceTree = "<group>"; };
		F678B78D27B7AF1400F4C4D7 /* MemoListVC.swift */ = {isa = PBXFileReference; lastKnownFileType = sourcecode.swift; path = MemoListVC.swift; sourceTree = "<group>"; };
		F678B78F27B7AF2900F4C4D7 /* MemoFormVC.swift */ = {isa = PBXFileReference; lastKnownFileType = sourcecode.swift; path = MemoFormVC.swift; sourceTree = "<group>"; };
		F678B79127B7AF3400F4C4D7 /* MemoReadVC.swift */ = {isa = PBXFileReference; lastKnownFileType = sourcecode.swift; path = MemoReadVC.swift; sourceTree = "<group>"; };
		F678B79327B7AF8900F4C4D7 /* MemoCell.swift */ = {isa = PBXFileReference; lastKnownFileType = sourcecode.swift; path = MemoCell.swift; sourceTree = "<group>"; };
		F678B79527B7AFA500F4C4D7 /* MemoData.swift */ = {isa = PBXFileReference; lastKnownFileType = sourcecode.swift; path = MemoData.swift; sourceTree = "<group>"; };
		F6E8FA4B27BD6E9000F85C9F /* MyNote-Bridging-Header.h */ = {isa = PBXFileReference; lastKnownFileType = sourcecode.c.h; path = "MyNote-Bridging-Header.h"; sourceTree = "<group>"; };
		F6E8FA4C27BD6E9000F85C9F /* SWRevealViewController.h */ = {isa = PBXFileReference; fileEncoding = 4; lastKnownFileType = sourcecode.c.h; path = SWRevealViewController.h; sourceTree = "<group>"; };
		F6E8FA4D27BD6E9000F85C9F /* SWRevealViewController.m */ = {isa = PBXFileReference; fileEncoding = 4; lastKnownFileType = sourcecode.c.objc; path = SWRevealViewController.m; sourceTree = "<group>"; };
		F6E8FA4F27BD6EC300F85C9F /* icon04.png */ = {isa = PBXFileReference; lastKnownFileType = image.png; path = icon04.png; sourceTree = "<group>"; };
		F6E8FA5027BD6EC300F85C9F /* icon06.png */ = {isa = PBXFileReference; lastKnownFileType = image.png; path = icon06.png; sourceTree = "<group>"; };
		F6E8FA5127BD6EC300F85C9F /* memo-background@2x.png */ = {isa = PBXFileReference; lastKnownFileType = image.png; name = "memo-background@2x.png"; path = "../../../../Downloads/swift_practice/MyMemory-Chapter04/Resources/memo-background@2x.png"; sourceTree = "<group>"; };
		F6E8FA5227BD6EC300F85C9F /* icon05.png */ = {isa = PBXFileReference; lastKnownFileType = image.png; path = icon05.png; sourceTree = "<group>"; };
		F6E8FA5327BD6EC300F85C9F /* profile-bg.png */ = {isa = PBXFileReference; lastKnownFileType = image.png; path = "profile-bg.png"; sourceTree = "<group>"; };
		F6E8FA5427BD6EC300F85C9F /* sidemenu.png */ = {isa = PBXFileReference; lastKnownFileType = image.png; path = sidemenu.png; sourceTree = "<group>"; };
		F6E8FA5527BD6EC300F85C9F /* icon01.png */ = {isa = PBXFileReference; lastKnownFileType = image.png; path = icon01.png; sourceTree = "<group>"; };
		F6E8FA5627BD6EC300F85C9F /* button-bg.png */ = {isa = PBXFileReference; lastKnownFileType = image.png; name = "button-bg.png"; path = "../../../../Downloads/swift_practice/MyMemory-Chapter04/Resources/button-bg.png"; sourceTree = "<group>"; };
		F6E8FA5727BD6EC300F85C9F /* icon02.png */ = {isa = PBXFileReference; lastKnownFileType = image.png; path = icon02.png; sourceTree = "<group>"; };
		F6E8FA5827BD6EC300F85C9F /* icon03.png */ = {isa = PBXFileReference; lastKnownFileType = image.png; path = icon03.png; sourceTree = "<group>"; };
		F6E8FA5927BD6EC300F85C9F /* account@2x.jpg */ = {isa = PBXFileReference; lastKnownFileType = image.jpeg; path = "account@2x.jpg"; sourceTree = "<group>"; };
		F6E8FA5A27BD6EC300F85C9F /* warning-icon-60@2x.png */ = {isa = PBXFileReference; lastKnownFileType = image.png; name = "warning-icon-60@2x.png"; path = "../../../../Downloads/swift_practice/MyMemory-Chapter04/Resources/warning-icon-60@2x.png"; sourceTree = "<group>"; };
		F6E8FA6727BD71D300F85C9F /* SideBarVC.swift */ = {isa = PBXFileReference; lastKnownFileType = sourcecode.swift; path = SideBarVC.swift; sourceTree = "<group>"; };
		F6EBC87327B668B500C73CAD /* MyNote.app */ = {isa = PBXFileReference; explicitFileType = wrapper.application; includeInIndex = 0; path = MyNote.app; sourceTree = BUILT_PRODUCTS_DIR; };
		F6EBC87627B668B500C73CAD /* AppDelegate.swift */ = {isa = PBXFileReference; lastKnownFileType = sourcecode.swift; path = AppDelegate.swift; sourceTree = "<group>"; };
		F6EBC87827B668B500C73CAD /* SceneDelegate.swift */ = {isa = PBXFileReference; lastKnownFileType = sourcecode.swift; path = SceneDelegate.swift; sourceTree = "<group>"; };
		F6EBC87A27B668B500C73CAD /* ViewController.swift */ = {isa = PBXFileReference; lastKnownFileType = sourcecode.swift; path = ViewController.swift; sourceTree = "<group>"; };
		F6EBC87D27B668B500C73CAD /* Base */ = {isa = PBXFileReference; lastKnownFileType = file.storyboard; name = Base; path = Base.lproj/Main.storyboard; sourceTree = "<group>"; };
		F6EBC88027B668B500C73CAD /* MyNote.xcdatamodel */ = {isa = PBXFileReference; lastKnownFileType = wrapper.xcdatamodel; path = MyNote.xcdatamodel; sourceTree = "<group>"; };
		F6EBC88227B668B600C73CAD /* Assets.xcassets */ = {isa = PBXFileReference; lastKnownFileType = folder.assetcatalog; path = Assets.xcassets; sourceTree = "<group>"; };
		F6EBC88527B668B600C73CAD /* Base */ = {isa = PBXFileReference; lastKnownFileType = file.storyboard; name = Base; path = Base.lproj/LaunchScreen.storyboard; sourceTree = "<group>"; };
		F6EBC88727B668B600C73CAD /* Info.plist */ = {isa = PBXFileReference; lastKnownFileType = text.plist.xml; path = Info.plist; sourceTree = "<group>"; };
/* End PBXFileReference section */

/* Begin PBXFrameworksBuildPhase section */
		F6EBC87027B668B500C73CAD /* Frameworks */ = {
			isa = PBXFrameworksBuildPhase;
			buildActionMask = 2147483647;
			files = (
			);
			runOnlyForDeploymentPostprocessing = 0;
		};
/* End PBXFrameworksBuildPhase section */

/* Begin PBXGroup section */
		F61FCC3727BBA80F000F2B3C /* Recources */ = {
			isa = PBXGroup;
			children = (
				F6E8FA5927BD6EC300F85C9F /* account@2x.jpg */,
				F6E8FA5627BD6EC300F85C9F /* button-bg.png */,
				F6E8FA5527BD6EC300F85C9F /* icon01.png */,
				F6E8FA5727BD6EC300F85C9F /* icon02.png */,
				F6E8FA5827BD6EC300F85C9F /* icon03.png */,
				F6E8FA4F27BD6EC300F85C9F /* icon04.png */,
				F6E8FA5227BD6EC300F85C9F /* icon05.png */,
				F6E8FA5027BD6EC300F85C9F /* icon06.png */,
				F6E8FA5127BD6EC300F85C9F /* memo-background@2x.png */,
				F6E8FA5327BD6EC300F85C9F /* profile-bg.png */,
				F6E8FA5427BD6EC300F85C9F /* sidemenu.png */,
				F6E8FA5A27BD6EC300F85C9F /* warning-icon-60@2x.png */,
			);
			path = Recources;
			sourceTree = "<group>";
		};
		F6EBC86A27B668B500C73CAD = {
			isa = PBXGroup;
			children = (
				F61FCC3727BBA80F000F2B3C /* Recources */,
				F6EBC87527B668B500C73CAD /* MyNote */,
				F6EBC87427B668B500C73CAD /* Products */,
			);
			sourceTree = "<group>";
		};
		F6EBC87427B668B500C73CAD /* Products */ = {
			isa = PBXGroup;
			children = (
				F6EBC87327B668B500C73CAD /* MyNote.app */,
			);
			name = Products;
			sourceTree = "<group>";
		};
		F6EBC87527B668B500C73CAD /* MyNote */ = {
			isa = PBXGroup;
			children = (
				F6E8FA4C27BD6E9000F85C9F /* SWRevealViewController.h */,
				F6E8FA4D27BD6E9000F85C9F /* SWRevealViewController.m */,
				F6E8FA6727BD71D300F85C9F /* SideBarVC.swift */,
				F6EBC87627B668B500C73CAD /* AppDelegate.swift */,
				F6EBC87827B668B500C73CAD /* SceneDelegate.swift */,
				F6EBC87A27B668B500C73CAD /* ViewController.swift */,
				F6EBC87C27B668B500C73CAD /* Main.storyboard */,
				F6EBC88227B668B600C73CAD /* Assets.xcassets */,
				F6EBC88427B668B600C73CAD /* LaunchScreen.storyboard */,
				F6EBC88727B668B600C73CAD /* Info.plist */,
				F6EBC87F27B668B500C73CAD /* MyNote.xcdatamodeld */,
				F678B78D27B7AF1400F4C4D7 /* MemoListVC.swift */,
				F678B78F27B7AF2900F4C4D7 /* MemoFormVC.swift */,
				F678B79127B7AF3400F4C4D7 /* MemoReadVC.swift */,
				F678B79327B7AF8900F4C4D7 /* MemoCell.swift */,
				F678B79527B7AFA500F4C4D7 /* MemoData.swift */,
				F61FCC3527BBA3E0000F2B3C /* CSLogButton.swift */,
				F6E8FA4B27BD6E9000F85C9F /* MyNote-Bridging-Header.h */,
			);
			path = MyNote;
			sourceTree = "<group>";
		};
/* End PBXGroup section */

/* Begin PBXNativeTarget section */
		F6EBC87227B668B500C73CAD /* MyNote */ = {
			isa = PBXNativeTarget;
			buildConfigurationList = F6EBC88A27B668B600C73CAD /* Build configuration list for PBXNativeTarget "MyNote" */;
			buildPhases = (
				F6EBC86F27B668B500C73CAD /* Sources */,
				F6EBC87027B668B500C73CAD /* Frameworks */,
				F6EBC87127B668B500C73CAD /* Resources */,
			);
			buildRules = (
			);
			dependencies = (
			);
			name = MyNote;
			productName = MyNote;
			productReference = F6EBC87327B668B500C73CAD /* MyNote.app */;
			productType = "com.apple.product-type.application";
		};
/* End PBXNativeTarget section */

/* Begin PBXProject section */
		F6EBC86B27B668B500C73CAD /* Project object */ = {
			isa = PBXProject;
			attributes = {
				BuildIndependentTargetsInParallel = 1;
				LastSwiftUpdateCheck = 1300;
				LastUpgradeCheck = 1300;
				TargetAttributes = {
					F6EBC87227B668B500C73CAD = {
						CreatedOnToolsVersion = 13.0;
						LastSwiftMigration = 1300;
					};
				};
			};
			buildConfigurationList = F6EBC86E27B668B500C73CAD /* Build configuration list for PBXProject "MyNote" */;
			compatibilityVersion = "Xcode 13.0";
			developmentRegion = en;
			hasScannedForEncodings = 0;
			knownRegions = (
				en,
				Base,
			);
			mainGroup = F6EBC86A27B668B500C73CAD;
			productRefGroup = F6EBC87427B668B500C73CAD /* Products */;
			projectDirPath = "";
			projectRoot = "";
			targets = (
				F6EBC87227B668B500C73CAD /* MyNote */,
			);
		};
/* End PBXProject section */

/* Begin PBXResourcesBuildPhase section */
		F6EBC87127B668B500C73CAD /* Resources */ = {
			isa = PBXResourcesBuildPhase;
			buildActionMask = 2147483647;
			files = (
				F6EBC88627B668B600C73CAD /* LaunchScreen.storyboard in Resources */,
				F6E8FA5B27BD6EC300F85C9F /* icon04.png in Resources */,
				F6EBC88327B668B600C73CAD /* Assets.xcassets in Resources */,
				F6E8FA6527BD6EC300F85C9F /* account@2x.jpg in Resources */,
				F6E8FA6327BD6EC300F85C9F /* icon02.png in Resources */,
				F6E8FA6227BD6EC300F85C9F /* button-bg.png in Resources */,
				F6E8FA5D27BD6EC300F85C9F /* memo-background@2x.png in Resources */,
				F6E8FA5C27BD6EC300F85C9F /* icon06.png in Resources */,
				F6E8FA6127BD6EC300F85C9F /* icon01.png in Resources */,
				F6E8FA6627BD6EC300F85C9F /* warning-icon-60@2x.png in Resources */,
				F6E8FA6427BD6EC300F85C9F /* icon03.png in Resources */,
				F6E8FA5F27BD6EC300F85C9F /* profile-bg.png in Resources */,
				F6E8FA6027BD6EC300F85C9F /* sidemenu.png in Resources */,
				F6EBC87E27B668B500C73CAD /* Main.storyboard in Resources */,
				F6E8FA5E27BD6EC300F85C9F /* icon05.png in Resources */,
			);
			runOnlyForDeploymentPostprocessing = 0;
		};
/* End PBXResourcesBuildPhase section */

/* Begin PBXSourcesBuildPhase section */
		F6EBC86F27B668B500C73CAD /* Sources */ = {
			isa = PBXSourcesBuildPhase;
			buildActionMask = 2147483647;
			files = (
				F6EBC87B27B668B500C73CAD /* ViewController.swift in Sources */,
				F678B78E27B7AF1400F4C4D7 /* MemoListVC.swift in Sources */,
				F678B79027B7AF2900F4C4D7 /* MemoFormVC.swift in Sources */,
				F6EBC87727B668B500C73CAD /* AppDelegate.swift in Sources */,
				F6EBC87927B668B500C73CAD /* SceneDelegate.swift in Sources */,
				F6E8FA6827BD71D300F85C9F /* SideBarVC.swift in Sources */,
				F6EBC88127B668B500C73CAD /* MyNote.xcdatamodeld in Sources */,
				F61FCC3627BBA3E0000F2B3C /* CSLogButton.swift in Sources */,
				F678B79627B7AFA500F4C4D7 /* MemoData.swift in Sources */,
				F6E8FA4E27BD6E9000F85C9F /* SWRevealViewController.m in Sources */,
				F678B79227B7AF3400F4C4D7 /* MemoReadVC.swift in Sources */,
				F678B79427B7AF8900F4C4D7 /* MemoCell.swift in Sources */,
			);
			runOnlyForDeploymentPostprocessing = 0;
		};
/* End PBXSourcesBuildPhase section */

/* Begin PBXVariantGroup section */
		F6EBC87C27B668B500C73CAD /* Main.storyboard */ = {
			isa = PBXVariantGroup;
			children = (
				F6EBC87D27B668B500C73CAD /* Base */,
			);
			name = Main.storyboard;
			sourceTree = "<group>";
		};
		F6EBC88427B668B600C73CAD /* LaunchScreen.storyboard */ = {
			isa = PBXVariantGroup;
			children = (
				F6EBC88527B668B600C73CAD /* Base */,
			);
			name = LaunchScreen.storyboard;
			sourceTree = "<group>";
		};
/* End PBXVariantGroup section */

/* Begin XCBuildConfiguration section */
		F6EBC88827B668B600C73CAD /* Debug */ = {
			isa = XCBuildConfiguration;
			buildSettings = {
				ALWAYS_SEARCH_USER_PATHS = NO;
				CLANG_ANALYZER_NONNULL = YES;
				CLANG_ANALYZER_NUMBER_OBJECT_CONVERSION = YES_AGGRESSIVE;
				CLANG_CXX_LANGUAGE_STANDARD = "gnu++17";
				CLANG_CXX_LIBRARY = "libc++";
				CLANG_ENABLE_MODULES = YES;
				CLANG_ENABLE_OBJC_ARC = YES;
				CLANG_ENABLE_OBJC_WEAK = YES;
				CLANG_WARN_BLOCK_CAPTURE_AUTORELEASING = YES;
				CLANG_WARN_BOOL_CONVERSION = YES;
				CLANG_WARN_COMMA = YES;
				CLANG_WARN_CONSTANT_CONVERSION = YES;
				CLANG_WARN_DEPRECATED_OBJC_IMPLEMENTATIONS = YES;
				CLANG_WARN_DIRECT_OBJC_ISA_USAGE = YES_ERROR;
				CLANG_WARN_DOCUMENTATION_COMMENTS = YES;
				CLANG_WARN_EMPTY_BODY = YES;
				CLANG_WARN_ENUM_CONVERSION = YES;
				CLANG_WARN_INFINITE_RECURSION = YES;
				CLANG_WARN_INT_CONVERSION = YES;
				CLANG_WARN_NON_LITERAL_NULL_CONVERSION = YES;
				CLANG_WARN_OBJC_IMPLICIT_RETAIN_SELF = YES;
				CLANG_WARN_OBJC_LITERAL_CONVERSION = YES;
				CLANG_WARN_OBJC_ROOT_CLASS = YES_ERROR;
				CLANG_WARN_QUOTED_INCLUDE_IN_FRAMEWORK_HEADER = YES;
				CLANG_WARN_RANGE_LOOP_ANALYSIS = YES;
				CLANG_WARN_STRICT_PROTOTYPES = YES;
				CLANG_WARN_SUSPICIOUS_MOVE = YES;
				CLANG_WARN_UNGUARDED_AVAILABILITY = YES_AGGRESSIVE;
				CLANG_WARN_UNREACHABLE_CODE = YES;
				CLANG_WARN__DUPLICATE_METHOD_MATCH = YES;
				COPY_PHASE_STRIP = NO;
				DEBUG_INFORMATION_FORMAT = dwarf;
				ENABLE_STRICT_OBJC_MSGSEND = YES;
				ENABLE_TESTABILITY = YES;
				GCC_C_LANGUAGE_STANDARD = gnu11;
				GCC_DYNAMIC_NO_PIC = NO;
				GCC_NO_COMMON_BLOCKS = YES;
				GCC_OPTIMIZATION_LEVEL = 0;
				GCC_PREPROCESSOR_DEFINITIONS = (
					"DEBUG=1",
					"$(inherited)",
				);
				GCC_WARN_64_TO_32_BIT_CONVERSION = YES;
				GCC_WARN_ABOUT_RETURN_TYPE = YES_ERROR;
				GCC_WARN_UNDECLARED_SELECTOR = YES;
				GCC_WARN_UNINITIALIZED_AUTOS = YES_AGGRESSIVE;
				GCC_WARN_UNUSED_FUNCTION = YES;
				GCC_WARN_UNUSED_VARIABLE = YES;
				IPHONEOS_DEPLOYMENT_TARGET = 15.0;
				MTL_ENABLE_DEBUG_INFO = INCLUDE_SOURCE;
				MTL_FAST_MATH = YES;
				ONLY_ACTIVE_ARCH = YES;
				SDKROOT = iphoneos;
				SWIFT_ACTIVE_COMPILATION_CONDITIONS = DEBUG;
				SWIFT_OPTIMIZATION_LEVEL = "-Onone";
			};
			name = Debug;
		};
		F6EBC88927B668B600C73CAD /* Release */ = {
			isa = XCBuildConfiguration;
			buildSettings = {
				ALWAYS_SEARCH_USER_PATHS = NO;
				CLANG_ANALYZER_NONNULL = YES;
				CLANG_ANALYZER_NUMBER_OBJECT_CONVERSION = YES_AGGRESSIVE;
				CLANG_CXX_LANGUAGE_STANDARD = "gnu++17";
				CLANG_CXX_LIBRARY = "libc++";
				CLANG_ENABLE_MODULES = YES;
				CLANG_ENABLE_OBJC_ARC = YES;
				CLANG_ENABLE_OBJC_WEAK = YES;
				CLANG_WARN_BLOCK_CAPTURE_AUTORELEASING = YES;
				CLANG_WARN_BOOL_CONVERSION = YES;
				CLANG_WARN_COMMA = YES;
				CLANG_WARN_CONSTANT_CONVERSION = YES;
				CLANG_WARN_DEPRECATED_OBJC_IMPLEMENTATIONS = YES;
				CLANG_WARN_DIRECT_OBJC_ISA_USAGE = YES_ERROR;
				CLANG_WARN_DOCUMENTATION_COMMENTS = YES;
				CLANG_WARN_EMPTY_BODY = YES;
				CLANG_WARN_ENUM_CONVERSION = YES;
				CLANG_WARN_INFINITE_RECURSION = YES;
				CLANG_WARN_INT_CONVERSION = YES;
				CLANG_WARN_NON_LITERAL_NULL_CONVERSION = YES;
				CLANG_WARN_OBJC_IMPLICIT_RETAIN_SELF = YES;
				CLANG_WARN_OBJC_LITERAL_CONVERSION = YES;
				CLANG_WARN_OBJC_ROOT_CLASS = YES_ERROR;
				CLANG_WARN_QUOTED_INCLUDE_IN_FRAMEWORK_HEADER = YES;
				CLANG_WARN_RANGE_LOOP_ANALYSIS = YES;
				CLANG_WARN_STRICT_PROTOTYPES = YES;
				CLANG_WARN_SUSPICIOUS_MOVE = YES;
				CLANG_WARN_UNGUARDED_AVAILABILITY = YES_AGGRESSIVE;
				CLANG_WARN_UNREACHABLE_CODE = YES;
				CLANG_WARN__DUPLICATE_METHOD_MATCH = YES;
				COPY_PHASE_STRIP = NO;
				DEBUG_INFORMATION_FORMAT = "dwarf-with-dsym";
				ENABLE_NS_ASSERTIONS = NO;
				ENABLE_STRICT_OBJC_MSGSEND = YES;
				GCC_C_LANGUAGE_STANDARD = gnu11;
				GCC_NO_COMMON_BLOCKS = YES;
				GCC_WARN_64_TO_32_BIT_CONVERSION = YES;
				GCC_WARN_ABOUT_RETURN_TYPE = YES_ERROR;
				GCC_WARN_UNDECLARED_SELECTOR = YES;
				GCC_WARN_UNINITIALIZED_AUTOS = YES_AGGRESSIVE;
				GCC_WARN_UNUSED_FUNCTION = YES;
				GCC_WARN_UNUSED_VARIABLE = YES;
				IPHONEOS_DEPLOYMENT_TARGET = 15.0;
				MTL_ENABLE_DEBUG_INFO = NO;
				MTL_FAST_MATH = YES;
				SDKROOT = iphoneos;
				SWIFT_COMPILATION_MODE = wholemodule;
				SWIFT_OPTIMIZATION_LEVEL = "-O";
				VALIDATE_PRODUCT = YES;
			};
			name = Release;
		};
		F6EBC88B27B668B600C73CAD /* Debug */ = {
			isa = XCBuildConfiguration;
			buildSettings = {
				ASSETCATALOG_COMPILER_APPICON_NAME = AppIcon;
				ASSETCATALOG_COMPILER_GLOBAL_ACCENT_COLOR_NAME = AccentColor;
				CLANG_ENABLE_MODULES = YES;
				CODE_SIGN_STYLE = Automatic;
				CURRENT_PROJECT_VERSION = 1;
				DEVELOPMENT_TEAM = 826S2MP53C;
				GENERATE_INFOPLIST_FILE = YES;
				INFOPLIST_FILE = MyNote/Info.plist;
				INFOPLIST_KEY_UIApplicationSupportsIndirectInputEvents = YES;
				INFOPLIST_KEY_UILaunchStoryboardName = LaunchScreen;
				INFOPLIST_KEY_UIMainStoryboardFile = Main;
				INFOPLIST_KEY_UISupportedInterfaceOrientations = UIInterfaceOrientationPortrait;
				INFOPLIST_KEY_UISupportedInterfaceOrientations_iPad = "UIInterfaceOrientationPortrait UIInterfaceOrientationPortraitUpsideDown UIInterfaceOrientationLandscapeLeft UIInterfaceOrientationLandscapeRight";
				INFOPLIST_KEY_UISupportedInterfaceOrientations_iPhone = "UIInterfaceOrientationPortrait UIInterfaceOrientationLandscapeLeft UIInterfaceOrientationLandscapeRight";
				LD_RUNPATH_SEARCH_PATHS = (
					"$(inherited)",
					"@executable_path/Frameworks",
				);
				MARKETING_VERSION = 1.0;
				PRODUCT_BUNDLE_IDENTIFIER = com.yoonjae.MyNote;
				PRODUCT_NAME = "$(TARGET_NAME)";
				SWIFT_EMIT_LOC_STRINGS = YES;
				SWIFT_OBJC_BRIDGING_HEADER = "MyNote/MyNote-Bridging-Header.h";
				SWIFT_OPTIMIZATION_LEVEL = "-Onone";
				SWIFT_VERSION = 5.0;
				TARGETED_DEVICE_FAMILY = 1;
			};
			name = Debug;
		};
		F6EBC88C27B668B600C73CAD /* Release */ = {
			isa = XCBuildConfiguration;
			buildSettings = {
				ASSETCATALOG_COMPILER_APPICON_NAME = AppIcon;
				ASSETCATALOG_COMPILER_GLOBAL_ACCENT_COLOR_NAME = AccentColor;
				CLANG_ENABLE_MODULES = YES;
				CODE_SIGN_STYLE = Automatic;
				CURRENT_PROJECT_VERSION = 1;
				DEVELOPMENT_TEAM = 826S2MP53C;
				GENERATE_INFOPLIST_FILE = YES;
				INFOPLIST_FILE = MyNote/Info.plist;
				INFOPLIST_KEY_UIApplicationSupportsIndirectInputEvents = YES;
				INFOPLIST_KEY_UILaunchStoryboardName = LaunchScreen;
				INFOPLIST_KEY_UIMainStoryboardFile = Main;
				INFOPLIST_KEY_UISupportedInterfaceOrientations = UIInterfaceOrientationPortrait;
				INFOPLIST_KEY_UISupportedInterfaceOrientations_iPad = "UIInterfaceOrientationPortrait UIInterfaceOrientationPortraitUpsideDown UIInterfaceOrientationLandscapeLeft UIInterfaceOrientationLandscapeRight";
				INFOPLIST_KEY_UISupportedInterfaceOrientations_iPhone = "UIInterfaceOrientationPortrait UIInterfaceOrientationLandscapeLeft UIInterfaceOrientationLandscapeRight";
				LD_RUNPATH_SEARCH_PATHS = (
					"$(inherited)",
					"@executable_path/Frameworks",
				);
				MARKETING_VERSION = 1.0;
				PRODUCT_BUNDLE_IDENTIFIER = com.yoonjae.MyNote;
				PRODUCT_NAME = "$(TARGET_NAME)";
				SWIFT_EMIT_LOC_STRINGS = YES;
				SWIFT_OBJC_BRIDGING_HEADER = "MyNote/MyNote-Bridging-Header.h";
				SWIFT_VERSION = 5.0;
				TARGETED_DEVICE_FAMILY = 1;
			};
			name = Release;
		};
/* End XCBuildConfiguration section */

/* Begin XCConfigurationList section */
		F6EBC86E27B668B500C73CAD /* Build configuration list for PBXProject "MyNote" */ = {
			isa = XCConfigurationList;
			buildConfigurations = (
				F6EBC88827B668B600C73CAD /* Debug */,
				F6EBC88927B668B600C73CAD /* Release */,
			);
			defaultConfigurationIsVisible = 0;
			defaultConfigurationName = Release;
		};
		F6EBC88A27B668B600C73CAD /* Build configuration list for PBXNativeTarget "MyNote" */ = {
			isa = XCConfigurationList;
			buildConfigurations = (
				F6EBC88B27B668B600C73CAD /* Debug */,
				F6EBC88C27B668B600C73CAD /* Release */,
			);
			defaultConfigurationIsVisible = 0;
			defaultConfigurationName = Release;
		};
/* End XCConfigurationList section */

/* Begin XCVersionGroup section */
		F6EBC87F27B668B500C73CAD /* MyNote.xcdatamodeld */ = {
			isa = XCVersionGroup;
			children = (
				F6EBC88027B668B500C73CAD /* MyNote.xcdatamodel */,
			);
			currentVersion = F6EBC88027B668B500C73CAD /* MyNote.xcdatamodel */;
			path = MyNote.xcdatamodeld;
			sourceTree = "<group>";
			versionGroupType = wrapper.xcdatamodel;
		};
/* End XCVersionGroup section */
	};
	rootObject = F6EBC86B27B668B500C73CAD /* Project object */;
}
