// !$*UTF8*$!
{
	archiveVersion = 1;
	classes = {
	};
	objectVersion = 55;
	objects = {

/* Begin PBXBuildFile section */
		F601AD0E27BAE557006745D6 /* swift_logo@3x.png in Resources */ = {isa = PBXBuildFile; fileRef = F601AD0B27BAE557006745D6 /* swift_logo@3x.png */; };
		F601AD0F27BAE557006745D6 /* arrow-back@2x.png in Resources */ = {isa = PBXBuildFile; fileRef = F601AD0C27BAE557006745D6 /* arrow-back@2x.png */; };
		F601AD1027BAE557006745D6 /* more@2x.png in Resources */ = {isa = PBXBuildFile; fileRef = F601AD0D27BAE557006745D6 /* more@2x.png */; };
		F603955227BA526000E2CEE4 /* AppDelegate.swift in Sources */ = {isa = PBXBuildFile; fileRef = F603955127BA526000E2CEE4 /* AppDelegate.swift */; };
		F603955427BA526000E2CEE4 /* SceneDelegate.swift in Sources */ = {isa = PBXBuildFile; fileRef = F603955327BA526000E2CEE4 /* SceneDelegate.swift */; };
		F603955627BA526000E2CEE4 /* ViewController.swift in Sources */ = {isa = PBXBuildFile; fileRef = F603955527BA526000E2CEE4 /* ViewController.swift */; };
		F603955927BA526000E2CEE4 /* Main.storyboard in Resources */ = {isa = PBXBuildFile; fileRef = F603955727BA526000E2CEE4 /* Main.storyboard */; };
		F603955C27BA526000E2CEE4 /* Chapter03_NavigationBar.xcdatamodeld in Sources */ = {isa = PBXBuildFile; fileRef = F603955A27BA526000E2CEE4 /* Chapter03_NavigationBar.xcdatamodeld */; };
		F603955E27BA526100E2CEE4 /* Assets.xcassets in Resources */ = {isa = PBXBuildFile; fileRef = F603955D27BA526100E2CEE4 /* Assets.xcassets */; };
		F603956127BA526100E2CEE4 /* LaunchScreen.storyboard in Resources */ = {isa = PBXBuildFile; fileRef = F603955F27BA526100E2CEE4 /* LaunchScreen.storyboard */; };
/* End PBXBuildFile section */

/* Begin PBXFileReference section */
		F601AD0B27BAE557006745D6 /* swift_logo@3x.png */ = {isa = PBXFileReference; lastKnownFileType = image.png; path = "swift_logo@3x.png"; sourceTree = "<group>"; };
		F601AD0C27BAE557006745D6 /* arrow-back@2x.png */ = {isa = PBXFileReference; lastKnownFileType = image.png; path = "arrow-back@2x.png"; sourceTree = "<group>"; };
		F601AD0D27BAE557006745D6 /* more@2x.png */ = {isa = PBXFileReference; lastKnownFileType = image.png; path = "more@2x.png"; sourceTree = "<group>"; };
		F603954E27BA526000E2CEE4 /* Chapter03-NavigationBar.app */ = {isa = PBXFileReference; explicitFileType = wrapper.application; includeInIndex = 0; path = "Chapter03-NavigationBar.app"; sourceTree = BUILT_PRODUCTS_DIR; };
		F603955127BA526000E2CEE4 /* AppDelegate.swift */ = {isa = PBXFileReference; lastKnownFileType = sourcecode.swift; path = AppDelegate.swift; sourceTree = "<group>"; };
		F603955327BA526000E2CEE4 /* SceneDelegate.swift */ = {isa = PBXFileReference; lastKnownFileType = sourcecode.swift; path = SceneDelegate.swift; sourceTree = "<group>"; };
		F603955527BA526000E2CEE4 /* ViewController.swift */ = {isa = PBXFileReference; lastKnownFileType = sourcecode.swift; path = ViewController.swift; sourceTree = "<group>"; };
		F603955827BA526000E2CEE4 /* Base */ = {isa = PBXFileReference; lastKnownFileType = file.storyboard; name = Base; path = Base.lproj/Main.storyboard; sourceTree = "<group>"; };
		F603955B27BA526000E2CEE4 /* Chapter03_NavigationBar.xcdatamodel */ = {isa = PBXFileReference; lastKnownFileType = wrapper.xcdatamodel; path = Chapter03_NavigationBar.xcdatamodel; sourceTree = "<group>"; };
		F603955D27BA526100E2CEE4 /* Assets.xcassets */ = {isa = PBXFileReference; lastKnownFileType = folder.assetcatalog; path = Assets.xcassets; sourceTree = "<group>"; };
		F603956027BA526100E2CEE4 /* Base */ = {isa = PBXFileReference; lastKnownFileType = file.storyboard; name = Base; path = Base.lproj/LaunchScreen.storyboard; sourceTree = "<group>"; };
		F603956227BA526100E2CEE4 /* Info.plist */ = {isa = PBXFileReference; lastKnownFileType = text.plist.xml; path = Info.plist; sourceTree = "<group>"; };
/* End PBXFileReference section */

/* Begin PBXFrameworksBuildPhase section */
		F603954B27BA526000E2CEE4 /* Frameworks */ = {
			isa = PBXFrameworksBuildPhase;
			buildActionMask = 2147483647;
			files = (
			);
			runOnlyForDeploymentPostprocessing = 0;
		};
/* End PBXFrameworksBuildPhase section */

/* Begin PBXGroup section */
		F601AD0A27BAE53E006745D6 /* Recources */ = {
			isa = PBXGroup;
			children = (
				F601AD0C27BAE557006745D6 /* arrow-back@2x.png */,
				F601AD0D27BAE557006745D6 /* more@2x.png */,
				F601AD0B27BAE557006745D6 /* swift_logo@3x.png */,
			);
			path = Recources;
			sourceTree = "<group>";
		};
		F603954527BA526000E2CEE4 = {
			isa = PBXGroup;
			children = (
				F601AD0A27BAE53E006745D6 /* Recources */,
				F603955027BA526000E2CEE4 /* Chapter03-NavigationBar */,
				F603954F27BA526000E2CEE4 /* Products */,
			);
			sourceTree = "<group>";
		};
		F603954F27BA526000E2CEE4 /* Products */ = {
			isa = PBXGroup;
			children = (
				F603954E27BA526000E2CEE4 /* Chapter03-NavigationBar.app */,
			);
			name = Products;
			sourceTree = "<group>";
		};
		F603955027BA526000E2CEE4 /* Chapter03-NavigationBar */ = {
			isa = PBXGroup;
			children = (
				F603955127BA526000E2CEE4 /* AppDelegate.swift */,
				F603955327BA526000E2CEE4 /* SceneDelegate.swift */,
				F603955527BA526000E2CEE4 /* ViewController.swift */,
				F603955727BA526000E2CEE4 /* Main.storyboard */,
				F603955D27BA526100E2CEE4 /* Assets.xcassets */,
				F603955F27BA526100E2CEE4 /* LaunchScreen.storyboard */,
				F603956227BA526100E2CEE4 /* Info.plist */,
				F603955A27BA526000E2CEE4 /* Chapter03_NavigationBar.xcdatamodeld */,
			);
			path = "Chapter03-NavigationBar";
			sourceTree = "<group>";
		};
/* End PBXGroup section */

/* Begin PBXNativeTarget section */
		F603954D27BA526000E2CEE4 /* Chapter03-NavigationBar */ = {
			isa = PBXNativeTarget;
			buildConfigurationList = F603956527BA526100E2CEE4 /* Build configuration list for PBXNativeTarget "Chapter03-NavigationBar" */;
			buildPhases = (
				F603954A27BA526000E2CEE4 /* Sources */,
				F603954B27BA526000E2CEE4 /* Frameworks */,
				F603954C27BA526000E2CEE4 /* Resources */,
			);
			buildRules = (
			);
			dependencies = (
			);
			name = "Chapter03-NavigationBar";
			productName = "Chapter03-NavigationBar";
			productReference = F603954E27BA526000E2CEE4 /* Chapter03-NavigationBar.app */;
			productType = "com.apple.product-type.application";
		};
/* End PBXNativeTarget section */

/* Begin PBXProject section */
		F603954627BA526000E2CEE4 /* Project object */ = {
			isa = PBXProject;
			attributes = {
				BuildIndependentTargetsInParallel = 1;
				LastSwiftUpdateCheck = 1300;
				LastUpgradeCheck = 1300;
				TargetAttributes = {
					F603954D27BA526000E2CEE4 = {
						CreatedOnToolsVersion = 13.0;
					};
				};
			};
			buildConfigurationList = F603954927BA526000E2CEE4 /* Build configuration list for PBXProject "Chapter03-NavigationBar" */;
			compatibilityVersion = "Xcode 13.0";
			developmentRegion = en;
			hasScannedForEncodings = 0;
			knownRegions = (
				en,
				Base,
			);
			mainGroup = F603954527BA526000E2CEE4;
			productRefGroup = F603954F27BA526000E2CEE4 /* Products */;
			projectDirPath = "";
			projectRoot = "";
			targets = (
				F603954D27BA526000E2CEE4 /* Chapter03-NavigationBar */,
			);
		};
/* End PBXProject section */

/* Begin PBXResourcesBuildPhase section */
		F603954C27BA526000E2CEE4 /* Resources */ = {
			isa = PBXResourcesBuildPhase;
			buildActionMask = 2147483647;
			files = (
				F601AD0E27BAE557006745D6 /* swift_logo@3x.png in Resources */,
				F603956127BA526100E2CEE4 /* LaunchScreen.storyboard in Resources */,
				F601AD0F27BAE557006745D6 /* arrow-back@2x.png in Resources */,
				F601AD1027BAE557006745D6 /* more@2x.png in Resources */,
				F603955E27BA526100E2CEE4 /* Assets.xcassets in Resources */,
				F603955927BA526000E2CEE4 /* Main.storyboard in Resources */,
			);
			runOnlyForDeploymentPostprocessing = 0;
		};
/* End PBXResourcesBuildPhase section */

/* Begin PBXSourcesBuildPhase section */
		F603954A27BA526000E2CEE4 /* Sources */ = {
			isa = PBXSourcesBuildPhase;
			buildActionMask = 2147483647;
			files = (
				F603955627BA526000E2CEE4 /* ViewController.swift in Sources */,
				F603955227BA526000E2CEE4 /* AppDelegate.swift in Sources */,
				F603955C27BA526000E2CEE4 /* Chapter03_NavigationBar.xcdatamodeld in Sources */,
				F603955427BA526000E2CEE4 /* SceneDelegate.swift in Sources */,
			);
			runOnlyForDeploymentPostprocessing = 0;
		};
/* End PBXSourcesBuildPhase section */

/* Begin PBXVariantGroup section */
		F603955727BA526000E2CEE4 /* Main.storyboard */ = {
			isa = PBXVariantGroup;
			children = (
				F603955827BA526000E2CEE4 /* Base */,
			);
			name = Main.storyboard;
			sourceTree = "<group>";
		};
		F603955F27BA526100E2CEE4 /* LaunchScreen.storyboard */ = {
			isa = PBXVariantGroup;
			children = (
				F603956027BA526100E2CEE4 /* Base */,
			);
			name = LaunchScreen.storyboard;
			sourceTree = "<group>";
		};
/* End PBXVariantGroup section */

/* Begin XCBuildConfiguration section */
		F603956327BA526100E2CEE4 /* Debug */ = {
			isa = XCBuildConfiguration;
			buildSettings = {
				ALWAYS_SEARCH_USER_PATHS = NO;
				CLANG_ANALYZER_NONNULL = YES;
				CLANG_ANALYZER_NUMBER_OBJECT_CONVERSION = YES_AGGRESSIVE;
				CLANG_CXX_LANGUAGE_STANDARD = "gnu++17";
				CLANG_CXX_LIBRARY = "libc++";
				CLANG_ENABLE_MODULES = YES;
				CLANG_ENABLE_OBJC_ARC = YES;
				CLANG_ENABLE_OBJC_WEAK = YES;
				CLANG_WARN_BLOCK_CAPTURE_AUTORELEASING = YES;
				CLANG_WARN_BOOL_CONVERSION = YES;
				CLANG_WARN_COMMA = YES;
				CLANG_WARN_CONSTANT_CONVERSION = YES;
				CLANG_WARN_DEPRECATED_OBJC_IMPLEMENTATIONS = YES;
				CLANG_WARN_DIRECT_OBJC_ISA_USAGE = YES_ERROR;
				CLANG_WARN_DOCUMENTATION_COMMENTS = YES;
				CLANG_WARN_EMPTY_BODY = YES;
				CLANG_WARN_ENUM_CONVERSION = YES;
				CLANG_WARN_INFINITE_RECURSION = YES;
				CLANG_WARN_INT_CONVERSION = YES;
				CLANG_WARN_NON_LITERAL_NULL_CONVERSION = YES;
				CLANG_WARN_OBJC_IMPLICIT_RETAIN_SELF = YES;
				CLANG_WARN_OBJC_LITERAL_CONVERSION = YES;
				CLANG_WARN_OBJC_ROOT_CLASS = YES_ERROR;
				CLANG_WARN_QUOTED_INCLUDE_IN_FRAMEWORK_HEADER = YES;
				CLANG_WARN_RANGE_LOOP_ANALYSIS = YES;
				CLANG_WARN_STRICT_PROTOTYPES = YES;
				CLANG_WARN_SUSPICIOUS_MOVE = YES;
				CLANG_WARN_UNGUARDED_AVAILABILITY = YES_AGGRESSIVE;
				CLANG_WARN_UNREACHABLE_CODE = YES;
				CLANG_WARN__DUPLICATE_METHOD_MATCH = YES;
				COPY_PHASE_STRIP = NO;
				DEBUG_INFORMATION_FORMAT = dwarf;
				ENABLE_STRICT_OBJC_MSGSEND = YES;
				ENABLE_TESTABILITY = YES;
				GCC_C_LANGUAGE_STANDARD = gnu11;
				GCC_DYNAMIC_NO_PIC = NO;
				GCC_NO_COMMON_BLOCKS = YES;
				GCC_OPTIMIZATION_LEVEL = 0;
				GCC_PREPROCESSOR_DEFINITIONS = (
					"DEBUG=1",
					"$(inherited)",
				);
				GCC_WARN_64_TO_32_BIT_CONVERSION = YES;
				GCC_WARN_ABOUT_RETURN_TYPE = YES_ERROR;
				GCC_WARN_UNDECLARED_SELECTOR = YES;
				GCC_WARN_UNINITIALIZED_AUTOS = YES_AGGRESSIVE;
				GCC_WARN_UNUSED_FUNCTION = YES;
				GCC_WARN_UNUSED_VARIABLE = YES;
				IPHONEOS_DEPLOYMENT_TARGET = 15.0;
				MTL_ENABLE_DEBUG_INFO = INCLUDE_SOURCE;
				MTL_FAST_MATH = YES;
				ONLY_ACTIVE_ARCH = YES;
				SDKROOT = iphoneos;
				SWIFT_ACTIVE_COMPILATION_CONDITIONS = DEBUG;
				SWIFT_OPTIMIZATION_LEVEL = "-Onone";
			};
			name = Debug;
		};
		F603956427BA526100E2CEE4 /* Release */ = {
			isa = XCBuildConfiguration;
			buildSettings = {
				ALWAYS_SEARCH_USER_PATHS = NO;
				CLANG_ANALYZER_NONNULL = YES;
				CLANG_ANALYZER_NUMBER_OBJECT_CONVERSION = YES_AGGRESSIVE;
				CLANG_CXX_LANGUAGE_STANDARD = "gnu++17";
				CLANG_CXX_LIBRARY = "libc++";
				CLANG_ENABLE_MODULES = YES;
				CLANG_ENABLE_OBJC_ARC = YES;
				CLANG_ENABLE_OBJC_WEAK = YES;
				CLANG_WARN_BLOCK_CAPTURE_AUTORELEASING = YES;
				CLANG_WARN_BOOL_CONVERSION = YES;
				CLANG_WARN_COMMA = YES;
				CLANG_WARN_CONSTANT_CONVERSION = YES;
				CLANG_WARN_DEPRECATED_OBJC_IMPLEMENTATIONS = YES;
				CLANG_WARN_DIRECT_OBJC_ISA_USAGE = YES_ERROR;
				CLANG_WARN_DOCUMENTATION_COMMENTS = YES;
				CLANG_WARN_EMPTY_BODY = YES;
				CLANG_WARN_ENUM_CONVERSION = YES;
				CLANG_WARN_INFINITE_RECURSION = YES;
				CLANG_WARN_INT_CONVERSION = YES;
				CLANG_WARN_NON_LITERAL_NULL_CONVERSION = YES;
				CLANG_WARN_OBJC_IMPLICIT_RETAIN_SELF = YES;
				CLANG_WARN_OBJC_LITERAL_CONVERSION = YES;
				CLANG_WARN_OBJC_ROOT_CLASS = YES_ERROR;
				CLANG_WARN_QUOTED_INCLUDE_IN_FRAMEWORK_HEADER = YES;
				CLANG_WARN_RANGE_LOOP_ANALYSIS = YES;
				CLANG_WARN_STRICT_PROTOTYPES = YES;
				CLANG_WARN_SUSPICIOUS_MOVE = YES;
				CLANG_WARN_UNGUARDED_AVAILABILITY = YES_AGGRESSIVE;
				CLANG_WARN_UNREACHABLE_CODE = YES;
				CLANG_WARN__DUPLICATE_METHOD_MATCH = YES;
				COPY_PHASE_STRIP = NO;
				DEBUG_INFORMATION_FORMAT = "dwarf-with-dsym";
				ENABLE_NS_ASSERTIONS = NO;
				ENABLE_STRICT_OBJC_MSGSEND = YES;
				GCC_C_LANGUAGE_STANDARD = gnu11;
				GCC_NO_COMMON_BLOCKS = YES;
				GCC_WARN_64_TO_32_BIT_CONVERSION = YES;
				GCC_WARN_ABOUT_RETURN_TYPE = YES_ERROR;
				GCC_WARN_UNDECLARED_SELECTOR = YES;
				GCC_WARN_UNINITIALIZED_AUTOS = YES_AGGRESSIVE;
				GCC_WARN_UNUSED_FUNCTION = YES;
				GCC_WARN_UNUSED_VARIABLE = YES;
				IPHONEOS_DEPLOYMENT_TARGET = 15.0;
				MTL_ENABLE_DEBUG_INFO = NO;
				MTL_FAST_MATH = YES;
				SDKROOT = iphoneos;
				SWIFT_COMPILATION_MODE = wholemodule;
				SWIFT_OPTIMIZATION_LEVEL = "-O";
				VALIDATE_PRODUCT = YES;
			};
			name = Release;
		};
		F603956627BA526100E2CEE4 /* Debug */ = {
			isa = XCBuildConfiguration;
			buildSettings = {
				ASSETCATALOG_COMPILER_APPICON_NAME = AppIcon;
				ASSETCATALOG_COMPILER_GLOBAL_ACCENT_COLOR_NAME = AccentColor;
				CODE_SIGN_STYLE = Automatic;
				CURRENT_PROJECT_VERSION = 1;
				DEVELOPMENT_TEAM = 826S2MP53C;
				GENERATE_INFOPLIST_FILE = YES;
				INFOPLIST_FILE = "Chapter03-NavigationBar/Info.plist";
				INFOPLIST_KEY_UIApplicationSupportsIndirectInputEvents = YES;
				INFOPLIST_KEY_UILaunchStoryboardName = LaunchScreen;
				INFOPLIST_KEY_UIMainStoryboardFile = Main;
				INFOPLIST_KEY_UISupportedInterfaceOrientations_iPad = "UIInterfaceOrientationPortrait UIInterfaceOrientationPortraitUpsideDown UIInterfaceOrientationLandscapeLeft UIInterfaceOrientationLandscapeRight";
				INFOPLIST_KEY_UISupportedInterfaceOrientations_iPhone = "UIInterfaceOrientationPortrait UIInterfaceOrientationLandscapeLeft UIInterfaceOrientationLandscapeRight";
				LD_RUNPATH_SEARCH_PATHS = (
					"$(inherited)",
					"@executable_path/Frameworks",
				);
				MARKETING_VERSION = 1.0;
				PRODUCT_BUNDLE_IDENTIFIER = "com.yoonjae.Chapter03-NavigationBar";
				PRODUCT_NAME = "$(TARGET_NAME)";
				SWIFT_EMIT_LOC_STRINGS = YES;
				SWIFT_VERSION = 5.0;
				TARGETED_DEVICE_FAMILY = "1,2";
			};
			name = Debug;
		};
		F603956727BA526100E2CEE4 /* Release */ = {
			isa = XCBuildConfiguration;
			buildSettings = {
				ASSETCATALOG_COMPILER_APPICON_NAME = AppIcon;
				ASSETCATALOG_COMPILER_GLOBAL_ACCENT_COLOR_NAME = AccentColor;
				CODE_SIGN_STYLE = Automatic;
				CURRENT_PROJECT_VERSION = 1;
				DEVELOPMENT_TEAM = 826S2MP53C;
				GENERATE_INFOPLIST_FILE = YES;
				INFOPLIST_FILE = "Chapter03-NavigationBar/Info.plist";
				INFOPLIST_KEY_UIApplicationSupportsIndirectInputEvents = YES;
				INFOPLIST_KEY_UILaunchStoryboardName = LaunchScreen;
				INFOPLIST_KEY_UIMainStoryboardFile = Main;
				INFOPLIST_KEY_UISupportedInterfaceOrientations_iPad = "UIInterfaceOrientationPortrait UIInterfaceOrientationPortraitUpsideDown UIInterfaceOrientationLandscapeLeft UIInterfaceOrientationLandscapeRight";
				INFOPLIST_KEY_UISupportedInterfaceOrientations_iPhone = "UIInterfaceOrientationPortrait UIInterfaceOrientationLandscapeLeft UIInterfaceOrientationLandscapeRight";
				LD_RUNPATH_SEARCH_PATHS = (
					"$(inherited)",
					"@executable_path/Frameworks",
				);
				MARKETING_VERSION = 1.0;
				PRODUCT_BUNDLE_IDENTIFIER = "com.yoonjae.Chapter03-NavigationBar";
				PRODUCT_NAME = "$(TARGET_NAME)";
				SWIFT_EMIT_LOC_STRINGS = YES;
				SWIFT_VERSION = 5.0;
				TARGETED_DEVICE_FAMILY = "1,2";
			};
			name = Release;
		};
/* End XCBuildConfiguration section */

/* Begin XCConfigurationList section */
		F603954927BA526000E2CEE4 /* Build configuration list for PBXProject "Chapter03-NavigationBar" */ = {
			isa = XCConfigurationList;
			buildConfigurations = (
				F603956327BA526100E2CEE4 /* Debug */,
				F603956427BA526100E2CEE4 /* Release */,
			);
			defaultConfigurationIsVisible = 0;
			defaultConfigurationName = Release;
		};
		F603956527BA526100E2CEE4 /* Build configuration list for PBXNativeTarget "Chapter03-NavigationBar" */ = {
			isa = XCConfigurationList;
			buildConfigurations = (
				F603956627BA526100E2CEE4 /* Debug */,
				F603956727BA526100E2CEE4 /* Release */,
			);
			defaultConfigurationIsVisible = 0;
			defaultConfigurationName = Release;
		};
/* End XCConfigurationList section */

/* Begin XCVersionGroup section */
		F603955A27BA526000E2CEE4 /* Chapter03_NavigationBar.xcdatamodeld */ = {
			isa = XCVersionGroup;
			children = (
				F603955B27BA526000E2CEE4 /* Chapter03_NavigationBar.xcdatamodel */,
			);
			currentVersion = F603955B27BA526000E2CEE4 /* Chapter03_NavigationBar.xcdatamodel */;
			path = Chapter03_NavigationBar.xcdatamodeld;
			sourceTree = "<group>";
			versionGroupType = wrapper.xcdatamodel;
		};
/* End XCVersionGroup section */
	};
	rootObject = F603954627BA526000E2CEE4 /* Project object */;
}
