// !$*UTF8*$!
{
	archiveVersion = 1;
	classes = {
	};
	objectVersion = 55;
	objects = {

/* Begin PBXBuildFile section */
		F634790F27C76771005C3186 /* AppDelegate.swift in Sources */ = {isa = PBXBuildFile; fileRef = F634790E27C76771005C3186 /* AppDelegate.swift */; };
		F634791127C76771005C3186 /* SceneDelegate.swift in Sources */ = {isa = PBXBuildFile; fileRef = F634791027C76771005C3186 /* SceneDelegate.swift */; };
		F634791327C76771005C3186 /* ViewController.swift in Sources */ = {isa = PBXBuildFile; fileRef = F634791227C76771005C3186 /* ViewController.swift */; };
		F634791627C76771005C3186 /* Main.storyboard in Resources */ = {isa = PBXBuildFile; fileRef = F634791427C76771005C3186 /* Main.storyboard */; };
		F634791927C76771005C3186 /* Chapter02_CustomPlist.xcdatamodeld in Sources */ = {isa = PBXBuildFile; fileRef = F634791727C76771005C3186 /* Chapter02_CustomPlist.xcdatamodeld */; };
		F634791B27C76772005C3186 /* Assets.xcassets in Resources */ = {isa = PBXBuildFile; fileRef = F634791A27C76772005C3186 /* Assets.xcassets */; };
		F634791E27C76772005C3186 /* LaunchScreen.storyboard in Resources */ = {isa = PBXBuildFile; fileRef = F634791C27C76772005C3186 /* LaunchScreen.storyboard */; };
		F634792827C76A23005C3186 /* ListViewController.swift in Sources */ = {isa = PBXBuildFile; fileRef = F634792727C76A23005C3186 /* ListViewController.swift */; };
		F634792A27C78186005C3186 /* UserInfo.plist in Resources */ = {isa = PBXBuildFile; fileRef = F634792927C78186005C3186 /* UserInfo.plist */; };
/* End PBXBuildFile section */

/* Begin PBXFileReference section */
		F634790B27C76771005C3186 /* Chapter02-CustomPlist.app */ = {isa = PBXFileReference; explicitFileType = wrapper.application; includeInIndex = 0; path = "Chapter02-CustomPlist.app"; sourceTree = BUILT_PRODUCTS_DIR; };
		F634790E27C76771005C3186 /* AppDelegate.swift */ = {isa = PBXFileReference; lastKnownFileType = sourcecode.swift; path = AppDelegate.swift; sourceTree = "<group>"; };
		F634791027C76771005C3186 /* SceneDelegate.swift */ = {isa = PBXFileReference; lastKnownFileType = sourcecode.swift; path = SceneDelegate.swift; sourceTree = "<group>"; };
		F634791227C76771005C3186 /* ViewController.swift */ = {isa = PBXFileReference; lastKnownFileType = sourcecode.swift; path = ViewController.swift; sourceTree = "<group>"; };
		F634791527C76771005C3186 /* Base */ = {isa = PBXFileReference; lastKnownFileType = file.storyboard; name = Base; path = Base.lproj/Main.storyboard; sourceTree = "<group>"; };
		F634791827C76771005C3186 /* Chapter02_CustomPlist.xcdatamodel */ = {isa = PBXFileReference; lastKnownFileType = wrapper.xcdatamodel; path = Chapter02_CustomPlist.xcdatamodel; sourceTree = "<group>"; };
		F634791A27C76772005C3186 /* Assets.xcassets */ = {isa = PBXFileReference; lastKnownFileType = folder.assetcatalog; path = Assets.xcassets; sourceTree = "<group>"; };
		F634791D27C76772005C3186 /* Base */ = {isa = PBXFileReference; lastKnownFileType = file.storyboard; name = Base; path = Base.lproj/LaunchScreen.storyboard; sourceTree = "<group>"; };
		F634791F27C76772005C3186 /* Info.plist */ = {isa = PBXFileReference; lastKnownFileType = text.plist.xml; path = Info.plist; sourceTree = "<group>"; };
		F634792727C76A23005C3186 /* ListViewController.swift */ = {isa = PBXFileReference; lastKnownFileType = sourcecode.swift; path = ListViewController.swift; sourceTree = "<group>"; };
		F634792927C78186005C3186 /* UserInfo.plist */ = {isa = PBXFileReference; lastKnownFileType = text.plist.xml; path = UserInfo.plist; sourceTree = "<group>"; };
/* End PBXFileReference section */

/* Begin PBXFrameworksBuildPhase section */
		F634790827C76771005C3186 /* Frameworks */ = {
			isa = PBXFrameworksBuildPhase;
			buildActionMask = 2147483647;
			files = (
			);
			runOnlyForDeploymentPostprocessing = 0;
		};
/* End PBXFrameworksBuildPhase section */

/* Begin PBXGroup section */
		F634790227C76771005C3186 = {
			isa = PBXGroup;
			children = (
				F634790D27C76771005C3186 /* Chapter02-CustomPlist */,
				F634790C27C76771005C3186 /* Products */,
			);
			sourceTree = "<group>";
		};
		F634790C27C76771005C3186 /* Products */ = {
			isa = PBXGroup;
			children = (
				F634790B27C76771005C3186 /* Chapter02-CustomPlist.app */,
			);
			name = Products;
			sourceTree = "<group>";
		};
		F634790D27C76771005C3186 /* Chapter02-CustomPlist */ = {
			isa = PBXGroup;
			children = (
				F634790E27C76771005C3186 /* AppDelegate.swift */,
				F634791027C76771005C3186 /* SceneDelegate.swift */,
				F634791227C76771005C3186 /* ViewController.swift */,
				F634791427C76771005C3186 /* Main.storyboard */,
				F634791A27C76772005C3186 /* Assets.xcassets */,
				F634791C27C76772005C3186 /* LaunchScreen.storyboard */,
				F634791F27C76772005C3186 /* Info.plist */,
				F634791727C76771005C3186 /* Chapter02_CustomPlist.xcdatamodeld */,
				F634792727C76A23005C3186 /* ListViewController.swift */,
				F634792927C78186005C3186 /* UserInfo.plist */,
			);
			path = "Chapter02-CustomPlist";
			sourceTree = "<group>";
		};
/* End PBXGroup section */

/* Begin PBXNativeTarget section */
		F634790A27C76771005C3186 /* Chapter02-CustomPlist */ = {
			isa = PBXNativeTarget;
			buildConfigurationList = F634792227C76772005C3186 /* Build configuration list for PBXNativeTarget "Chapter02-CustomPlist" */;
			buildPhases = (
				F634790727C76771005C3186 /* Sources */,
				F634790827C76771005C3186 /* Frameworks */,
				F634790927C76771005C3186 /* Resources */,
			);
			buildRules = (
			);
			dependencies = (
			);
			name = "Chapter02-CustomPlist";
			productName = "Chapter02-CustomPlist";
			productReference = F634790B27C76771005C3186 /* Chapter02-CustomPlist.app */;
			productType = "com.apple.product-type.application";
		};
/* End PBXNativeTarget section */

/* Begin PBXProject section */
		F634790327C76771005C3186 /* Project object */ = {
			isa = PBXProject;
			attributes = {
				BuildIndependentTargetsInParallel = 1;
				LastSwiftUpdateCheck = 1300;
				LastUpgradeCheck = 1300;
				TargetAttributes = {
					F634790A27C76771005C3186 = {
						CreatedOnToolsVersion = 13.0;
					};
				};
			};
			buildConfigurationList = F634790627C76771005C3186 /* Build configuration list for PBXProject "Chapter02-CustomPlist" */;
			compatibilityVersion = "Xcode 13.0";
			developmentRegion = en;
			hasScannedForEncodings = 0;
			knownRegions = (
				en,
				Base,
			);
			mainGroup = F634790227C76771005C3186;
			productRefGroup = F634790C27C76771005C3186 /* Products */;
			projectDirPath = "";
			projectRoot = "";
			targets = (
				F634790A27C76771005C3186 /* Chapter02-CustomPlist */,
			);
		};
/* End PBXProject section */

/* Begin PBXResourcesBuildPhase section */
		F634790927C76771005C3186 /* Resources */ = {
			isa = PBXResourcesBuildPhase;
			buildActionMask = 2147483647;
			files = (
				F634791E27C76772005C3186 /* LaunchScreen.storyboard in Resources */,
				F634791B27C76772005C3186 /* Assets.xcassets in Resources */,
				F634791627C76771005C3186 /* Main.storyboard in Resources */,
				F634792A27C78186005C3186 /* UserInfo.plist in Resources */,
			);
			runOnlyForDeploymentPostprocessing = 0;
		};
/* End PBXResourcesBuildPhase section */

/* Begin PBXSourcesBuildPhase section */
		F634790727C76771005C3186 /* Sources */ = {
			isa = PBXSourcesBuildPhase;
			buildActionMask = 2147483647;
			files = (
				F634791327C76771005C3186 /* ViewController.swift in Sources */,
				F634791927C76771005C3186 /* Chapter02_CustomPlist.xcdatamodeld in Sources */,
				F634790F27C76771005C3186 /* AppDelegate.swift in Sources */,
				F634792827C76A23005C3186 /* ListViewController.swift in Sources */,
				F634791127C76771005C3186 /* SceneDelegate.swift in Sources */,
			);
			runOnlyForDeploymentPostprocessing = 0;
		};
/* End PBXSourcesBuildPhase section */

/* Begin PBXVariantGroup section */
		F634791427C76771005C3186 /* Main.storyboard */ = {
			isa = PBXVariantGroup;
			children = (
				F634791527C76771005C3186 /* Base */,
			);
			name = Main.storyboard;
			sourceTree = "<group>";
		};
		F634791C27C76772005C3186 /* LaunchScreen.storyboard */ = {
			isa = PBXVariantGroup;
			children = (
				F634791D27C76772005C3186 /* Base */,
			);
			name = LaunchScreen.storyboard;
			sourceTree = "<group>";
		};
/* End PBXVariantGroup section */

/* Begin XCBuildConfiguration section */
		F634792027C76772005C3186 /* Debug */ = {
			isa = XCBuildConfiguration;
			buildSettings = {
				ALWAYS_SEARCH_USER_PATHS = NO;
				CLANG_ANALYZER_NONNULL = YES;
				CLANG_ANALYZER_NUMBER_OBJECT_CONVERSION = YES_AGGRESSIVE;
				CLANG_CXX_LANGUAGE_STANDARD = "gnu++17";
				CLANG_CXX_LIBRARY = "libc++";
				CLANG_ENABLE_MODULES = YES;
				CLANG_ENABLE_OBJC_ARC = YES;
				CLANG_ENABLE_OBJC_WEAK = YES;
				CLANG_WARN_BLOCK_CAPTURE_AUTORELEASING = YES;
				CLANG_WARN_BOOL_CONVERSION = YES;
				CLANG_WARN_COMMA = YES;
				CLANG_WARN_CONSTANT_CONVERSION = YES;
				CLANG_WARN_DEPRECATED_OBJC_IMPLEMENTATIONS = YES;
				CLANG_WARN_DIRECT_OBJC_ISA_USAGE = YES_ERROR;
				CLANG_WARN_DOCUMENTATION_COMMENTS = YES;
				CLANG_WARN_EMPTY_BODY = YES;
				CLANG_WARN_ENUM_CONVERSION = YES;
				CLANG_WARN_INFINITE_RECURSION = YES;
				CLANG_WARN_INT_CONVERSION = YES;
				CLANG_WARN_NON_LITERAL_NULL_CONVERSION = YES;
				CLANG_WARN_OBJC_IMPLICIT_RETAIN_SELF = YES;
				CLANG_WARN_OBJC_LITERAL_CONVERSION = YES;
				CLANG_WARN_OBJC_ROOT_CLASS = YES_ERROR;
				CLANG_WARN_QUOTED_INCLUDE_IN_FRAMEWORK_HEADER = YES;
				CLANG_WARN_RANGE_LOOP_ANALYSIS = YES;
				CLANG_WARN_STRICT_PROTOTYPES = YES;
				CLANG_WARN_SUSPICIOUS_MOVE = YES;
				CLANG_WARN_UNGUARDED_AVAILABILITY = YES_AGGRESSIVE;
				CLANG_WARN_UNREACHABLE_CODE = YES;
				CLANG_WARN__DUPLICATE_METHOD_MATCH = YES;
				COPY_PHASE_STRIP = NO;
				DEBUG_INFORMATION_FORMAT = dwarf;
				ENABLE_STRICT_OBJC_MSGSEND = YES;
				ENABLE_TESTABILITY = YES;
				GCC_C_LANGUAGE_STANDARD = gnu11;
				GCC_DYNAMIC_NO_PIC = NO;
				GCC_NO_COMMON_BLOCKS = YES;
				GCC_OPTIMIZATION_LEVEL = 0;
				GCC_PREPROCESSOR_DEFINITIONS = (
					"DEBUG=1",
					"$(inherited)",
				);
				GCC_WARN_64_TO_32_BIT_CONVERSION = YES;
				GCC_WARN_ABOUT_RETURN_TYPE = YES_ERROR;
				GCC_WARN_UNDECLARED_SELECTOR = YES;
				GCC_WARN_UNINITIALIZED_AUTOS = YES_AGGRESSIVE;
				GCC_WARN_UNUSED_FUNCTION = YES;
				GCC_WARN_UNUSED_VARIABLE = YES;
				IPHONEOS_DEPLOYMENT_TARGET = 15.0;
				MTL_ENABLE_DEBUG_INFO = INCLUDE_SOURCE;
				MTL_FAST_MATH = YES;
				ONLY_ACTIVE_ARCH = YES;
				SDKROOT = iphoneos;
				SWIFT_ACTIVE_COMPILATION_CONDITIONS = DEBUG;
				SWIFT_OPTIMIZATION_LEVEL = "-Onone";
			};
			name = Debug;
		};
		F634792127C76772005C3186 /* Release */ = {
			isa = XCBuildConfiguration;
			buildSettings = {
				ALWAYS_SEARCH_USER_PATHS = NO;
				CLANG_ANALYZER_NONNULL = YES;
				CLANG_ANALYZER_NUMBER_OBJECT_CONVERSION = YES_AGGRESSIVE;
				CLANG_CXX_LANGUAGE_STANDARD = "gnu++17";
				CLANG_CXX_LIBRARY = "libc++";
				CLANG_ENABLE_MODULES = YES;
				CLANG_ENABLE_OBJC_ARC = YES;
				CLANG_ENABLE_OBJC_WEAK = YES;
				CLANG_WARN_BLOCK_CAPTURE_AUTORELEASING = YES;
				CLANG_WARN_BOOL_CONVERSION = YES;
				CLANG_WARN_COMMA = YES;
				CLANG_WARN_CONSTANT_CONVERSION = YES;
				CLANG_WARN_DEPRECATED_OBJC_IMPLEMENTATIONS = YES;
				CLANG_WARN_DIRECT_OBJC_ISA_USAGE = YES_ERROR;
				CLANG_WARN_DOCUMENTATION_COMMENTS = YES;
				CLANG_WARN_EMPTY_BODY = YES;
				CLANG_WARN_ENUM_CONVERSION = YES;
				CLANG_WARN_INFINITE_RECURSION = YES;
				CLANG_WARN_INT_CONVERSION = YES;
				CLANG_WARN_NON_LITERAL_NULL_CONVERSION = YES;
				CLANG_WARN_OBJC_IMPLICIT_RETAIN_SELF = YES;
				CLANG_WARN_OBJC_LITERAL_CONVERSION = YES;
				CLANG_WARN_OBJC_ROOT_CLASS = YES_ERROR;
				CLANG_WARN_QUOTED_INCLUDE_IN_FRAMEWORK_HEADER = YES;
				CLANG_WARN_RANGE_LOOP_ANALYSIS = YES;
				CLANG_WARN_STRICT_PROTOTYPES = YES;
				CLANG_WARN_SUSPICIOUS_MOVE = YES;
				CLANG_WARN_UNGUARDED_AVAILABILITY = YES_AGGRESSIVE;
				CLANG_WARN_UNREACHABLE_CODE = YES;
				CLANG_WARN__DUPLICATE_METHOD_MATCH = YES;
				COPY_PHASE_STRIP = NO;
				DEBUG_INFORMATION_FORMAT = "dwarf-with-dsym";
				ENABLE_NS_ASSERTIONS = NO;
				ENABLE_STRICT_OBJC_MSGSEND = YES;
				GCC_C_LANGUAGE_STANDARD = gnu11;
				GCC_NO_COMMON_BLOCKS = YES;
				GCC_WARN_64_TO_32_BIT_CONVERSION = YES;
				GCC_WARN_ABOUT_RETURN_TYPE = YES_ERROR;
				GCC_WARN_UNDECLARED_SELECTOR = YES;
				GCC_WARN_UNINITIALIZED_AUTOS = YES_AGGRESSIVE;
				GCC_WARN_UNUSED_FUNCTION = YES;
				GCC_WARN_UNUSED_VARIABLE = YES;
				IPHONEOS_DEPLOYMENT_TARGET = 15.0;
				MTL_ENABLE_DEBUG_INFO = NO;
				MTL_FAST_MATH = YES;
				SDKROOT = iphoneos;
				SWIFT_COMPILATION_MODE = wholemodule;
				SWIFT_OPTIMIZATION_LEVEL = "-O";
				VALIDATE_PRODUCT = YES;
			};
			name = Release;
		};
		F634792327C76772005C3186 /* Debug */ = {
			isa = XCBuildConfiguration;
			buildSettings = {
				ASSETCATALOG_COMPILER_APPICON_NAME = AppIcon;
				ASSETCATALOG_COMPILER_GLOBAL_ACCENT_COLOR_NAME = AccentColor;
				CODE_SIGN_STYLE = Automatic;
				CURRENT_PROJECT_VERSION = 1;
				DEVELOPMENT_TEAM = 826S2MP53C;
				GENERATE_INFOPLIST_FILE = YES;
				INFOPLIST_FILE = "Chapter02-CustomPlist/Info.plist";
				INFOPLIST_KEY_UIApplicationSupportsIndirectInputEvents = YES;
				INFOPLIST_KEY_UILaunchStoryboardName = LaunchScreen;
				INFOPLIST_KEY_UIMainStoryboardFile = Main;
				INFOPLIST_KEY_UISupportedInterfaceOrientations_iPad = "UIInterfaceOrientationPortrait UIInterfaceOrientationPortraitUpsideDown UIInterfaceOrientationLandscapeLeft UIInterfaceOrientationLandscapeRight";
				INFOPLIST_KEY_UISupportedInterfaceOrientations_iPhone = "UIInterfaceOrientationPortrait UIInterfaceOrientationLandscapeLeft UIInterfaceOrientationLandscapeRight";
				LD_RUNPATH_SEARCH_PATHS = (
					"$(inherited)",
					"@executable_path/Frameworks",
				);
				MARKETING_VERSION = 1.0;
				PRODUCT_BUNDLE_IDENTIFIER = "com.yoonjae.Chapter02-CustomPlist";
				PRODUCT_NAME = "$(TARGET_NAME)";
				SWIFT_EMIT_LOC_STRINGS = YES;
				SWIFT_VERSION = 5.0;
				TARGETED_DEVICE_FAMILY = "1,2";
			};
			name = Debug;
		};
		F634792427C76772005C3186 /* Release */ = {
			isa = XCBuildConfiguration;
			buildSettings = {
				ASSETCATALOG_COMPILER_APPICON_NAME = AppIcon;
				ASSETCATALOG_COMPILER_GLOBAL_ACCENT_COLOR_NAME = AccentColor;
				CODE_SIGN_STYLE = Automatic;
				CURRENT_PROJECT_VERSION = 1;
				DEVELOPMENT_TEAM = 826S2MP53C;
				GENERATE_INFOPLIST_FILE = YES;
				INFOPLIST_FILE = "Chapter02-CustomPlist/Info.plist";
				INFOPLIST_KEY_UIApplicationSupportsIndirectInputEvents = YES;
				INFOPLIST_KEY_UILaunchStoryboardName = LaunchScreen;
				INFOPLIST_KEY_UIMainStoryboardFile = Main;
				INFOPLIST_KEY_UISupportedInterfaceOrientations_iPad = "UIInterfaceOrientationPortrait UIInterfaceOrientationPortraitUpsideDown UIInterfaceOrientationLandscapeLeft UIInterfaceOrientationLandscapeRight";
				INFOPLIST_KEY_UISupportedInterfaceOrientations_iPhone = "UIInterfaceOrientationPortrait UIInterfaceOrientationLandscapeLeft UIInterfaceOrientationLandscapeRight";
				LD_RUNPATH_SEARCH_PATHS = (
					"$(inherited)",
					"@executable_path/Frameworks",
				);
				MARKETING_VERSION = 1.0;
				PRODUCT_BUNDLE_IDENTIFIER = "com.yoonjae.Chapter02-CustomPlist";
				PRODUCT_NAME = "$(TARGET_NAME)";
				SWIFT_EMIT_LOC_STRINGS = YES;
				SWIFT_VERSION = 5.0;
				TARGETED_DEVICE_FAMILY = "1,2";
			};
			name = Release;
		};
/* End XCBuildConfiguration section */

/* Begin XCConfigurationList section */
		F634790627C76771005C3186 /* Build configuration list for PBXProject "Chapter02-CustomPlist" */ = {
			isa = XCConfigurationList;
			buildConfigurations = (
				F634792027C76772005C3186 /* Debug */,
				F634792127C76772005C3186 /* Release */,
			);
			defaultConfigurationIsVisible = 0;
			defaultConfigurationName = Release;
		};
		F634792227C76772005C3186 /* Build configuration list for PBXNativeTarget "Chapter02-CustomPlist" */ = {
			isa = XCConfigurationList;
			buildConfigurations = (
				F634792327C76772005C3186 /* Debug */,
				F634792427C76772005C3186 /* Release */,
			);
			defaultConfigurationIsVisible = 0;
			defaultConfigurationName = Release;
		};
/* End XCConfigurationList section */

/* Begin XCVersionGroup section */
		F634791727C76771005C3186 /* Chapter02_CustomPlist.xcdatamodeld */ = {
			isa = XCVersionGroup;
			children = (
				F634791827C76771005C3186 /* Chapter02_CustomPlist.xcdatamodel */,
			);
			currentVersion = F634791827C76771005C3186 /* Chapter02_CustomPlist.xcdatamodel */;
			path = Chapter02_CustomPlist.xcdatamodeld;
			sourceTree = "<group>";
			versionGroupType = wrapper.xcdatamodel;
		};
/* End XCVersionGroup section */
	};
	rootObject = F634790327C76771005C3186 /* Project object */;
}
